// !$*UTF8*$!
{
	archiveVersion = 1;
	classes = {
	};
	objectVersion = 45;
	objects = {

/* Begin PBXBuildFile section */
		1D3623260D0F684500981E51 /* WeWatchAppDelegate.m in Sources */ = {isa = PBXBuildFile; fileRef = 1D3623250D0F684500981E51 /* WeWatchAppDelegate.m */; };
		1D60589B0D05DD56006BFB54 /* main.m in Sources */ = {isa = PBXBuildFile; fileRef = 29B97316FDCFA39411CA2CEA /* main.m */; };
		1D60589F0D05DD5A006BFB54 /* Foundation.framework in Frameworks */ = {isa = PBXBuildFile; fileRef = 1D30AB110D05D00D00671497 /* Foundation.framework */; };
		1DF5F4E00D08C38300B7A737 /* UIKit.framework in Frameworks */ = {isa = PBXBuildFile; fileRef = 1DF5F4DF0D08C38300B7A737 /* UIKit.framework */; };
		2217899F13742140009656A7 /* JSON example source in Resources */ = {isa = PBXBuildFile; fileRef = 2217899E13742140009656A7 /* JSON example source */; };
		2231827C136ADA730027F597 /* PullRefreshTableViewController.m in Sources */ = {isa = PBXBuildFile; fileRef = 2231827B136ADA730027F597 /* PullRefreshTableViewController.m */; };
		2231827E136ADA870027F597 /* arrow.png in Resources */ = {isa = PBXBuildFile; fileRef = 2231827D136ADA870027F597 /* arrow.png */; };
		22318280136ADA970027F597 /* QuartzCore.framework in Frameworks */ = {isa = PBXBuildFile; fileRef = 2231827F136ADA970027F597 /* QuartzCore.framework */; };
		223182C8136AEF750027F597 /* jQueryInject.txt in Resources */ = {isa = PBXBuildFile; fileRef = 2231828E136AEF750027F597 /* jQueryInject.txt */; };
		223182C9136AEF750027F597 /* jQueryInjectLandscape.txt in Resources */ = {isa = PBXBuildFile; fileRef = 2231828F136AEF750027F597 /* jQueryInjectLandscape.txt */; };
		223182CA136AEF750027F597 /* libOAuth.a in Frameworks */ = {isa = PBXBuildFile; fileRef = 22318290136AEF750027F597 /* libOAuth.a */; };
		223182CB136AEF750027F597 /* MGTwitterEngine.m in Sources */ = {isa = PBXBuildFile; fileRef = 223182A3136AEF750027F597 /* MGTwitterEngine.m */; };
		223182CC136AEF750027F597 /* MGTwitterHTTPURLConnection.m in Sources */ = {isa = PBXBuildFile; fileRef = 223182A7136AEF750027F597 /* MGTwitterHTTPURLConnection.m */; };
		223182CD136AEF750027F597 /* MGTwitterLibXMLParser.m in Sources */ = {isa = PBXBuildFile; fileRef = 223182A9136AEF750027F597 /* MGTwitterLibXMLParser.m */; };
		223182CE136AEF750027F597 /* MGTwitterMessagesLibXMLParser.m in Sources */ = {isa = PBXBuildFile; fileRef = 223182AB136AEF750027F597 /* MGTwitterMessagesLibXMLParser.m */; };
		223182CF136AEF750027F597 /* MGTwitterMessagesParser.m in Sources */ = {isa = PBXBuildFile; fileRef = 223182AD136AEF750027F597 /* MGTwitterMessagesParser.m */; };
		223182D0136AEF750027F597 /* MGTwitterMiscLibXMLParser.m in Sources */ = {isa = PBXBuildFile; fileRef = 223182AF136AEF750027F597 /* MGTwitterMiscLibXMLParser.m */; };
		223182D1136AEF750027F597 /* MGTwitterMiscParser.m in Sources */ = {isa = PBXBuildFile; fileRef = 223182B1136AEF750027F597 /* MGTwitterMiscParser.m */; };
		223182D2136AEF750027F597 /* MGTwitterStatusesLibXMLParser.m in Sources */ = {isa = PBXBuildFile; fileRef = 223182B5136AEF750027F597 /* MGTwitterStatusesLibXMLParser.m */; };
		223182D3136AEF750027F597 /* MGTwitterStatusesParser.m in Sources */ = {isa = PBXBuildFile; fileRef = 223182B7136AEF750027F597 /* MGTwitterStatusesParser.m */; };
		223182D4136AEF750027F597 /* MGTwitterUsersLibXMLParser.m in Sources */ = {isa = PBXBuildFile; fileRef = 223182B9136AEF750027F597 /* MGTwitterUsersLibXMLParser.m */; };
		223182D5136AEF750027F597 /* MGTwitterUsersParser.m in Sources */ = {isa = PBXBuildFile; fileRef = 223182BB136AEF750027F597 /* MGTwitterUsersParser.m */; };
		223182D6136AEF750027F597 /* MGTwitterXMLParser.m in Sources */ = {isa = PBXBuildFile; fileRef = 223182BD136AEF750027F597 /* MGTwitterXMLParser.m */; };
		223182D7136AEF750027F597 /* NSData+Base64.m in Sources */ = {isa = PBXBuildFile; fileRef = 223182BF136AEF750027F597 /* NSData+Base64.m */; };
		223182D8136AEF750027F597 /* NSString+UUID.m in Sources */ = {isa = PBXBuildFile; fileRef = 223182C1136AEF750027F597 /* NSString+UUID.m */; };
		223182D9136AEF750027F597 /* SA_OAuthTwitterController.m in Sources */ = {isa = PBXBuildFile; fileRef = 223182C4136AEF750027F597 /* SA_OAuthTwitterController.m */; };
		223182DA136AEF750027F597 /* SA_OAuthTwitterEngine.m in Sources */ = {isa = PBXBuildFile; fileRef = 223182C6136AEF750027F597 /* SA_OAuthTwitterEngine.m */; };
		223182DB136AEF750027F597 /* twitter_load.png in Resources */ = {isa = PBXBuildFile; fileRef = 223182C7136AEF750027F597 /* twitter_load.png */; };
		223182DF136AF0E30027F597 /* libxml2.dylib in Frameworks */ = {isa = PBXBuildFile; fileRef = 223182DE136AF0E30027F597 /* libxml2.dylib */; };
		223182E1136AFBA30027F597 /* gearButton.png in Resources */ = {isa = PBXBuildFile; fileRef = 223182E0136AFBA30027F597 /* gearButton.png */; };
		22BB5ACB1369BA57004B299B /* ProgrammeDetailViewController.m in Sources */ = {isa = PBXBuildFile; fileRef = 22BB5AC91369BA57004B299B /* ProgrammeDetailViewController.m */; };
		22BB5ACC1369BA57004B299B /* ProgrammeDetailViewController.xib in Resources */ = {isa = PBXBuildFile; fileRef = 22BB5ACA1369BA57004B299B /* ProgrammeDetailViewController.xib */; };
		22BB5AD01369BA63004B299B /* Programme.m in Sources */ = {isa = PBXBuildFile; fileRef = 22BB5ACF1369BA63004B299B /* Programme.m */; };
		22BB5AD21369BA71004B299B /* BaseCell.xib in Resources */ = {isa = PBXBuildFile; fileRef = 22BB5AD11369BA71004B299B /* BaseCell.xib */; };
		22BB5ADD1369BF89004B299B /* GTMNSString+HTML.m in Sources */ = {isa = PBXBuildFile; fileRef = 22BB5AD81369BF89004B299B /* GTMNSString+HTML.m */; };
		22BB5ADE1369BF89004B299B /* NSString+HTML.m in Sources */ = {isa = PBXBuildFile; fileRef = 22BB5ADA1369BF89004B299B /* NSString+HTML.m */; };
		22BB5ADF1369BF89004B299B /* NSString+XMLEntities.m in Sources */ = {isa = PBXBuildFile; fileRef = 22BB5ADC1369BF89004B299B /* NSString+XMLEntities.m */; };
		22BB5AE41369D40B004B299B /* README.markdown in Resources */ = {isa = PBXBuildFile; fileRef = 22BB5AE31369D40B004B299B /* README.markdown */; };
		22BB5AE71369D5D8004B299B /* upperBackgroundView.png in Resources */ = {isa = PBXBuildFile; fileRef = 22BB5AE61369D5D8004B299B /* upperBackgroundView.png */; };
		22BB5AEA1369D979004B299B /* Icon.png in Resources */ = {isa = PBXBuildFile; fileRef = 22BB5AE81369D979004B299B /* Icon.png */; };
		22BB5AEB1369D979004B299B /* Icon@2x.png in Resources */ = {isa = PBXBuildFile; fileRef = 22BB5AE91369D979004B299B /* Icon@2x.png */; };
		22D364171399290C00093989 /* button_bar.png in Resources */ = {isa = PBXBuildFile; fileRef = 22D364161399290C00093989 /* button_bar.png */; };
		22D3641A13992A2F00093989 /* green_button.png in Resources */ = {isa = PBXBuildFile; fileRef = 22D3641913992A2F00093989 /* green_button.png */; };
		22D3642013992C6500093989 /* WatchModalViewController.m in Sources */ = {isa = PBXBuildFile; fileRef = 22D3641E13992C6500093989 /* WatchModalViewController.m */; };
		22D3642113992C6500093989 /* WatchModalViewController.xib in Resources */ = {isa = PBXBuildFile; fileRef = 22D3641F13992C6500093989 /* WatchModalViewController.xib */; };
		22D364231399343600093989 /* fake_nav_bar.png in Resources */ = {isa = PBXBuildFile; fileRef = 22D364221399343600093989 /* fake_nav_bar.png */; };
		22D4EAE21369F5FB00FE81CD /* Entitlements.plist in Resources */ = {isa = PBXBuildFile; fileRef = 22D4EAE11369F5FB00FE81CD /* Entitlements.plist */; };
		22E450A8139A6B39000D31A8 /* libRestKitJSONParserYAJL.a in Frameworks */ = {isa = PBXBuildFile; fileRef = 22E450A4139A6B39000D31A8 /* libRestKitJSONParserYAJL.a */; };
		22E450A9139A6B39000D31A8 /* libRestKitNetwork.a in Frameworks */ = {isa = PBXBuildFile; fileRef = 22E450A5139A6B39000D31A8 /* libRestKitNetwork.a */; };
		22E450AA139A6B39000D31A8 /* libRestKitObjectMapping.a in Frameworks */ = {isa = PBXBuildFile; fileRef = 22E450A6139A6B39000D31A8 /* libRestKitObjectMapping.a */; };
		22E450AB139A6B39000D31A8 /* libRestKitSupport.a in Frameworks */ = {isa = PBXBuildFile; fileRef = 22E450A7139A6B39000D31A8 /* libRestKitSupport.a */; };
		22E450AF139A6B39000D31A8 /* CFNetwork.framework in Frameworks */ = {isa = PBXBuildFile; fileRef = 22E450AC139A6B39000D31A8 /* CFNetwork.framework */; };
		22E450B0139A6B39000D31A8 /* MobileCoreServices.framework in Frameworks */ = {isa = PBXBuildFile; fileRef = 22E450AD139A6B39000D31A8 /* MobileCoreServices.framework */; };
		22EEA9E5137827B900435B7F /* SystemConfiguration.framework in Frameworks */ = {isa = PBXBuildFile; fileRef = 22EEA9E4137827B900435B7F /* SystemConfiguration.framework */; };
		22EEA9E9137827FA00435B7F /* Reachability.m in Sources */ = {isa = PBXBuildFile; fileRef = 22EEA9E8137827FA00435B7F /* Reachability.m */; };
		22EEA9F7137846C200435B7F /* LoadProgrammeImageOperation.m in Sources */ = {isa = PBXBuildFile; fileRef = 22EEA9F6137846C200435B7F /* LoadProgrammeImageOperation.m */; };
		22F21E3D1399165100F77712 /* checkbox.png in Resources */ = {isa = PBXBuildFile; fileRef = 22F21E3C1399165100F77712 /* checkbox.png */; };
		22F21E3F139917CC00F77712 /* listview-arrow.png in Resources */ = {isa = PBXBuildFile; fileRef = 22F21E3E139917CC00F77712 /* listview-arrow.png */; };
		22FB8BC813993A6700DC5A4B /* wewatch.png in Resources */ = {isa = PBXBuildFile; fileRef = 22FB8BC713993A6700DC5A4B /* wewatch.png */; };
		2892E4100DC94CBA00A64D0F /* CoreGraphics.framework in Frameworks */ = {isa = PBXBuildFile; fileRef = 2892E40F0DC94CBA00A64D0F /* CoreGraphics.framework */; };
		28AD73600D9D9599002E5188 /* MainWindow.xib in Resources */ = {isa = PBXBuildFile; fileRef = 28AD735F0D9D9599002E5188 /* MainWindow.xib */; };
		28C286E10D94DF7D0034E888 /* RootViewController.m in Sources */ = {isa = PBXBuildFile; fileRef = 28C286E00D94DF7D0034E888 /* RootViewController.m */; };
		28F335F11007B36200424DE2 /* RootViewController.xib in Resources */ = {isa = PBXBuildFile; fileRef = 28F335F01007B36200424DE2 /* RootViewController.xib */; };
		A7F23C1F11F74DF400E3722F /* CDataScanner.m in Sources */ = {isa = PBXBuildFile; fileRef = A7F23C0A11F74DF400E3722F /* CDataScanner.m */; };
		A7F23C2011F74DF400E3722F /* CDataScanner_Extensions.m in Sources */ = {isa = PBXBuildFile; fileRef = A7F23C0D11F74DF400E3722F /* CDataScanner_Extensions.m */; };
		A7F23C2111F74DF400E3722F /* NSCharacterSet_Extensions.m in Sources */ = {isa = PBXBuildFile; fileRef = A7F23C0F11F74DF400E3722F /* NSCharacterSet_Extensions.m */; };
		A7F23C2211F74DF400E3722F /* NSDictionary_JSONExtensions.m in Sources */ = {isa = PBXBuildFile; fileRef = A7F23C1111F74DF400E3722F /* NSDictionary_JSONExtensions.m */; };
		A7F23C2311F74DF400E3722F /* NSScanner_Extensions.m in Sources */ = {isa = PBXBuildFile; fileRef = A7F23C1311F74DF400E3722F /* NSScanner_Extensions.m */; };
		A7F23C2411F74DF400E3722F /* CJSONDataSerializer.m in Sources */ = {isa = PBXBuildFile; fileRef = A7F23C1611F74DF400E3722F /* CJSONDataSerializer.m */; };
		A7F23C2511F74DF400E3722F /* CJSONDeserializer.m in Sources */ = {isa = PBXBuildFile; fileRef = A7F23C1811F74DF400E3722F /* CJSONDeserializer.m */; };
		A7F23C2611F74DF400E3722F /* CJSONScanner.m in Sources */ = {isa = PBXBuildFile; fileRef = A7F23C1A11F74DF400E3722F /* CJSONScanner.m */; };
		A7F23C2711F74DF400E3722F /* CJSONSerializer.m in Sources */ = {isa = PBXBuildFile; fileRef = A7F23C1C11F74DF400E3722F /* CJSONSerializer.m */; };
		A7F23C2811F74DF400E3722F /* CSerializedJSONData.m in Sources */ = {isa = PBXBuildFile; fileRef = A7F23C1E11F74DF400E3722F /* CSerializedJSONData.m */; };
		A7F23C4911F7561500E3722F /* TweetDetailViewController.xib in Resources */ = {isa = PBXBuildFile; fileRef = A7F23C4811F7561500E3722F /* TweetDetailViewController.xib */; };
		A7F23D5511F859CD00E3722F /* LoadImagesOperation.m in Sources */ = {isa = PBXBuildFile; fileRef = A7F23D5411F859CD00E3722F /* LoadImagesOperation.m */; };
		A7F23DDB11F8866D00E3722F /* LoadPublicTimelineOperation.m in Sources */ = {isa = PBXBuildFile; fileRef = A7F23DDA11F8866D00E3722F /* LoadPublicTimelineOperation.m */; };
		A7F23E0511F8959400E3722F /* NSOperation+ActivityIndicator.m in Sources */ = {isa = PBXBuildFile; fileRef = A7F23E0411F8959400E3722F /* NSOperation+ActivityIndicator.m */; };
/* End PBXBuildFile section */

/* Begin PBXContainerItemProxy section */
		22E4508D139A6A3D000D31A8 /* PBXContainerItemProxy */ = {
			isa = PBXContainerItemProxy;
			containerPortal = 22E45079139A6A3D000D31A8 /* RestKit.xcodeproj */;
			proxyType = 2;
			remoteGlobalIDString = 253A07FC1255161B00976E89;
			remoteInfo = RestKitNetwork;
		};
		22E4508F139A6A3D000D31A8 /* PBXContainerItemProxy */ = {
			isa = PBXContainerItemProxy;
			containerPortal = 22E45079139A6A3D000D31A8 /* RestKit.xcodeproj */;
			proxyType = 2;
			remoteGlobalIDString = 253A08031255162C00976E89;
			remoteInfo = RestKitObjectMapping;
		};
		22E45091139A6A3D000D31A8 /* PBXContainerItemProxy */ = {
			isa = PBXContainerItemProxy;
			containerPortal = 22E45079139A6A3D000D31A8 /* RestKit.xcodeproj */;
			proxyType = 2;
			remoteGlobalIDString = 253A080C12551D3000976E89;
			remoteInfo = RestKitSupport;
		};
		22E45093139A6A3D000D31A8 /* PBXContainerItemProxy */ = {
			isa = PBXContainerItemProxy;
			containerPortal = 22E45079139A6A3D000D31A8 /* RestKit.xcodeproj */;
			proxyType = 2;
			remoteGlobalIDString = 2590E64F125231F600531FA8;
			remoteInfo = "RestKitJSONParser+YAJL";
		};
		22E45095139A6A3D000D31A8 /* PBXContainerItemProxy */ = {
			isa = PBXContainerItemProxy;
			containerPortal = 22E45079139A6A3D000D31A8 /* RestKit.xcodeproj */;
			proxyType = 2;
			remoteGlobalIDString = 2590E66B1252353700531FA8;
			remoteInfo = "RestKitJSONParser+SBJSON";
		};
		22E45097139A6A3D000D31A8 /* PBXContainerItemProxy */ = {
			isa = PBXContainerItemProxy;
			containerPortal = 22E45079139A6A3D000D31A8 /* RestKit.xcodeproj */;
			proxyType = 2;
			remoteGlobalIDString = 73057FD11331AD2E001908EE;
			remoteInfo = "RestKitJSONParser+JSONKit";
		};
		22E45099139A6A3D000D31A8 /* PBXContainerItemProxy */ = {
			isa = PBXContainerItemProxy;
			containerPortal = 22E45079139A6A3D000D31A8 /* RestKit.xcodeproj */;
			proxyType = 2;
			remoteGlobalIDString = 25BD43BD1340315800DBACDD;
			remoteInfo = "RestKitXMLParser+Libxml";
		};
		22E4509B139A6A3D000D31A8 /* PBXContainerItemProxy */ = {
			isa = PBXContainerItemProxy;
			containerPortal = 22E45079139A6A3D000D31A8 /* RestKit.xcodeproj */;
			proxyType = 2;
			remoteGlobalIDString = 253A081412551D5300976E89;
			remoteInfo = RestKitCoreData;
		};
		22E4509D139A6A3D000D31A8 /* PBXContainerItemProxy */ = {
			isa = PBXContainerItemProxy;
			containerPortal = 22E45079139A6A3D000D31A8 /* RestKit.xcodeproj */;
			proxyType = 2;
			remoteGlobalIDString = 2523360511E79F090048F9B4;
			remoteInfo = RestKitThree20;
		};
		22E4509F139A6A3D000D31A8 /* PBXContainerItemProxy */ = {
			isa = PBXContainerItemProxy;
			containerPortal = 22E45079139A6A3D000D31A8 /* RestKit.xcodeproj */;
			proxyType = 2;
			remoteGlobalIDString = 3F6C39A510FE5C95008F47C5;
			remoteInfo = UISpec;
		};
		22E450A2139A6AF2000D31A8 /* PBXContainerItemProxy */ = {
			isa = PBXContainerItemProxy;
			containerPortal = 22E45079139A6A3D000D31A8 /* RestKit.xcodeproj */;
			proxyType = 1;
			remoteGlobalIDString = 255B7588133BABBF00ED76AD;
			remoteInfo = RestKit;
		};
/* End PBXContainerItemProxy section */

/* Begin PBXFileReference section */
		1D30AB110D05D00D00671497 /* Foundation.framework */ = {isa = PBXFileReference; lastKnownFileType = wrapper.framework; name = Foundation.framework; path = System/Library/Frameworks/Foundation.framework; sourceTree = SDKROOT; };
		1D3623240D0F684500981E51 /* WeWatchAppDelegate.h */ = {isa = PBXFileReference; fileEncoding = 4; lastKnownFileType = sourcecode.c.h; lineEnding = 0; path = WeWatchAppDelegate.h; sourceTree = "<group>"; xcLanguageSpecificationIdentifier = xcode.lang.objcpp; };
		1D3623250D0F684500981E51 /* WeWatchAppDelegate.m */ = {isa = PBXFileReference; fileEncoding = 4; lastKnownFileType = sourcecode.c.objc; lineEnding = 0; path = WeWatchAppDelegate.m; sourceTree = "<group>"; xcLanguageSpecificationIdentifier = xcode.lang.objc; };
		1D6058910D05DD3D006BFB54 /* WeWatch.app */ = {isa = PBXFileReference; explicitFileType = wrapper.application; includeInIndex = 0; path = WeWatch.app; sourceTree = BUILT_PRODUCTS_DIR; };
		1DF5F4DF0D08C38300B7A737 /* UIKit.framework */ = {isa = PBXFileReference; lastKnownFileType = wrapper.framework; name = UIKit.framework; path = System/Library/Frameworks/UIKit.framework; sourceTree = SDKROOT; };
		2217899E13742140009656A7 /* JSON example source */ = {isa = PBXFileReference; fileEncoding = 4; lastKnownFileType = text; path = "JSON example source"; sourceTree = "<group>"; };
		2231827A136ADA730027F597 /* PullRefreshTableViewController.h */ = {isa = PBXFileReference; fileEncoding = 4; lastKnownFileType = sourcecode.c.h; path = PullRefreshTableViewController.h; sourceTree = "<group>"; };
		2231827B136ADA730027F597 /* PullRefreshTableViewController.m */ = {isa = PBXFileReference; fileEncoding = 4; lastKnownFileType = sourcecode.c.objc; path = PullRefreshTableViewController.m; sourceTree = "<group>"; };
		2231827D136ADA870027F597 /* arrow.png */ = {isa = PBXFileReference; lastKnownFileType = image.png; path = arrow.png; sourceTree = "<group>"; };
		2231827F136ADA970027F597 /* QuartzCore.framework */ = {isa = PBXFileReference; lastKnownFileType = wrapper.framework; name = QuartzCore.framework; path = System/Library/Frameworks/QuartzCore.framework; sourceTree = SDKROOT; };
		2231828E136AEF750027F597 /* jQueryInject.txt */ = {isa = PBXFileReference; fileEncoding = 4; lastKnownFileType = text; path = jQueryInject.txt; sourceTree = "<group>"; };
		2231828F136AEF750027F597 /* jQueryInjectLandscape.txt */ = {isa = PBXFileReference; fileEncoding = 4; lastKnownFileType = text; path = jQueryInjectLandscape.txt; sourceTree = "<group>"; };
		22318290136AEF750027F597 /* libOAuth.a */ = {isa = PBXFileReference; lastKnownFileType = archive.ar; path = libOAuth.a; sourceTree = "<group>"; };
		22318292136AEF750027F597 /* NSMutableURLRequest+Parameters.h */ = {isa = PBXFileReference; fileEncoding = 4; lastKnownFileType = sourcecode.c.h; path = "NSMutableURLRequest+Parameters.h"; sourceTree = "<group>"; };
		22318293136AEF750027F597 /* NSString+URLEncoding.h */ = {isa = PBXFileReference; fileEncoding = 4; lastKnownFileType = sourcecode.c.h; path = "NSString+URLEncoding.h"; sourceTree = "<group>"; };
		22318294136AEF750027F597 /* NSURL+Base.h */ = {isa = PBXFileReference; fileEncoding = 4; lastKnownFileType = sourcecode.c.h; path = "NSURL+Base.h"; sourceTree = "<group>"; };
		22318295136AEF750027F597 /* OAAsynchronousDataFetcher.h */ = {isa = PBXFileReference; fileEncoding = 4; lastKnownFileType = sourcecode.c.h; path = OAAsynchronousDataFetcher.h; sourceTree = "<group>"; };
		22318296136AEF750027F597 /* OAConsumer.h */ = {isa = PBXFileReference; fileEncoding = 4; lastKnownFileType = sourcecode.c.h; path = OAConsumer.h; sourceTree = "<group>"; };
		22318297136AEF750027F597 /* OADataFetcher.h */ = {isa = PBXFileReference; fileEncoding = 4; lastKnownFileType = sourcecode.c.h; path = OADataFetcher.h; sourceTree = "<group>"; };
		22318298136AEF750027F597 /* OAHMAC_SHA1SignatureProvider.h */ = {isa = PBXFileReference; fileEncoding = 4; lastKnownFileType = sourcecode.c.h; path = OAHMAC_SHA1SignatureProvider.h; sourceTree = "<group>"; };
		22318299136AEF750027F597 /* OAMutableURLRequest.h */ = {isa = PBXFileReference; fileEncoding = 4; lastKnownFileType = sourcecode.c.h; path = OAMutableURLRequest.h; sourceTree = "<group>"; };
		2231829A136AEF750027F597 /* OAPlaintextSignatureProvider.h */ = {isa = PBXFileReference; fileEncoding = 4; lastKnownFileType = sourcecode.c.h; path = OAPlaintextSignatureProvider.h; sourceTree = "<group>"; };
		2231829B136AEF750027F597 /* OARequestParameter.h */ = {isa = PBXFileReference; fileEncoding = 4; lastKnownFileType = sourcecode.c.h; path = OARequestParameter.h; sourceTree = "<group>"; };
		2231829C136AEF750027F597 /* OAServiceTicket.h */ = {isa = PBXFileReference; fileEncoding = 4; lastKnownFileType = sourcecode.c.h; path = OAServiceTicket.h; sourceTree = "<group>"; };
		2231829D136AEF750027F597 /* OASignatureProviding.h */ = {isa = PBXFileReference; fileEncoding = 4; lastKnownFileType = sourcecode.c.h; path = OASignatureProviding.h; sourceTree = "<group>"; };
		2231829E136AEF750027F597 /* OAToken.h */ = {isa = PBXFileReference; fileEncoding = 4; lastKnownFileType = sourcecode.c.h; path = OAToken.h; sourceTree = "<group>"; };
		2231829F136AEF750027F597 /* OAToken_KeychainExtensions.h */ = {isa = PBXFileReference; fileEncoding = 4; lastKnownFileType = sourcecode.c.h; path = OAToken_KeychainExtensions.h; sourceTree = "<group>"; };
		223182A0136AEF750027F597 /* OAuthConsumer.h */ = {isa = PBXFileReference; fileEncoding = 4; lastKnownFileType = sourcecode.c.h; path = OAuthConsumer.h; sourceTree = "<group>"; };
		223182A2136AEF750027F597 /* MGTwitterEngine.h */ = {isa = PBXFileReference; fileEncoding = 4; lastKnownFileType = sourcecode.c.h; path = MGTwitterEngine.h; sourceTree = "<group>"; };
		223182A3136AEF750027F597 /* MGTwitterEngine.m */ = {isa = PBXFileReference; fileEncoding = 4; lastKnownFileType = sourcecode.c.objc; path = MGTwitterEngine.m; sourceTree = "<group>"; };
		223182A4136AEF750027F597 /* MGTwitterEngineDelegate.h */ = {isa = PBXFileReference; fileEncoding = 4; lastKnownFileType = sourcecode.c.h; path = MGTwitterEngineDelegate.h; sourceTree = "<group>"; };
		223182A5136AEF750027F597 /* MGTwitterEngineGlobalHeader.h */ = {isa = PBXFileReference; fileEncoding = 4; lastKnownFileType = sourcecode.c.h; path = MGTwitterEngineGlobalHeader.h; sourceTree = "<group>"; };
		223182A6136AEF750027F597 /* MGTwitterHTTPURLConnection.h */ = {isa = PBXFileReference; fileEncoding = 4; lastKnownFileType = sourcecode.c.h; path = MGTwitterHTTPURLConnection.h; sourceTree = "<group>"; };
		223182A7136AEF750027F597 /* MGTwitterHTTPURLConnection.m */ = {isa = PBXFileReference; fileEncoding = 4; lastKnownFileType = sourcecode.c.objc; path = MGTwitterHTTPURLConnection.m; sourceTree = "<group>"; };
		223182A8136AEF750027F597 /* MGTwitterLibXMLParser.h */ = {isa = PBXFileReference; fileEncoding = 4; lastKnownFileType = sourcecode.c.h; path = MGTwitterLibXMLParser.h; sourceTree = "<group>"; };
		223182A9136AEF750027F597 /* MGTwitterLibXMLParser.m */ = {isa = PBXFileReference; fileEncoding = 4; lastKnownFileType = sourcecode.c.objc; path = MGTwitterLibXMLParser.m; sourceTree = "<group>"; };
		223182AA136AEF750027F597 /* MGTwitterMessagesLibXMLParser.h */ = {isa = PBXFileReference; fileEncoding = 4; lastKnownFileType = sourcecode.c.h; path = MGTwitterMessagesLibXMLParser.h; sourceTree = "<group>"; };
		223182AB136AEF750027F597 /* MGTwitterMessagesLibXMLParser.m */ = {isa = PBXFileReference; fileEncoding = 4; lastKnownFileType = sourcecode.c.objc; path = MGTwitterMessagesLibXMLParser.m; sourceTree = "<group>"; };
		223182AC136AEF750027F597 /* MGTwitterMessagesParser.h */ = {isa = PBXFileReference; fileEncoding = 4; lastKnownFileType = sourcecode.c.h; path = MGTwitterMessagesParser.h; sourceTree = "<group>"; };
		223182AD136AEF750027F597 /* MGTwitterMessagesParser.m */ = {isa = PBXFileReference; fileEncoding = 4; lastKnownFileType = sourcecode.c.objc; path = MGTwitterMessagesParser.m; sourceTree = "<group>"; };
		223182AE136AEF750027F597 /* MGTwitterMiscLibXMLParser.h */ = {isa = PBXFileReference; fileEncoding = 4; lastKnownFileType = sourcecode.c.h; path = MGTwitterMiscLibXMLParser.h; sourceTree = "<group>"; };
		223182AF136AEF750027F597 /* MGTwitterMiscLibXMLParser.m */ = {isa = PBXFileReference; fileEncoding = 4; lastKnownFileType = sourcecode.c.objc; path = MGTwitterMiscLibXMLParser.m; sourceTree = "<group>"; };
		223182B0136AEF750027F597 /* MGTwitterMiscParser.h */ = {isa = PBXFileReference; fileEncoding = 4; lastKnownFileType = sourcecode.c.h; path = MGTwitterMiscParser.h; sourceTree = "<group>"; };
		223182B1136AEF750027F597 /* MGTwitterMiscParser.m */ = {isa = PBXFileReference; fileEncoding = 4; lastKnownFileType = sourcecode.c.objc; path = MGTwitterMiscParser.m; sourceTree = "<group>"; };
		223182B2136AEF750027F597 /* MGTwitterParserDelegate.h */ = {isa = PBXFileReference; fileEncoding = 4; lastKnownFileType = sourcecode.c.h; path = MGTwitterParserDelegate.h; sourceTree = "<group>"; };
		223182B3136AEF750027F597 /* MGTwitterRequestTypes.h */ = {isa = PBXFileReference; fileEncoding = 4; lastKnownFileType = sourcecode.c.h; path = MGTwitterRequestTypes.h; sourceTree = "<group>"; };
		223182B4136AEF750027F597 /* MGTwitterStatusesLibXMLParser.h */ = {isa = PBXFileReference; fileEncoding = 4; lastKnownFileType = sourcecode.c.h; path = MGTwitterStatusesLibXMLParser.h; sourceTree = "<group>"; };
		223182B5136AEF750027F597 /* MGTwitterStatusesLibXMLParser.m */ = {isa = PBXFileReference; fileEncoding = 4; lastKnownFileType = sourcecode.c.objc; path = MGTwitterStatusesLibXMLParser.m; sourceTree = "<group>"; };
		223182B6136AEF750027F597 /* MGTwitterStatusesParser.h */ = {isa = PBXFileReference; fileEncoding = 4; lastKnownFileType = sourcecode.c.h; path = MGTwitterStatusesParser.h; sourceTree = "<group>"; };
		223182B7136AEF750027F597 /* MGTwitterStatusesParser.m */ = {isa = PBXFileReference; fileEncoding = 4; lastKnownFileType = sourcecode.c.objc; path = MGTwitterStatusesParser.m; sourceTree = "<group>"; };
		223182B8136AEF750027F597 /* MGTwitterUsersLibXMLParser.h */ = {isa = PBXFileReference; fileEncoding = 4; lastKnownFileType = sourcecode.c.h; path = MGTwitterUsersLibXMLParser.h; sourceTree = "<group>"; };
		223182B9136AEF750027F597 /* MGTwitterUsersLibXMLParser.m */ = {isa = PBXFileReference; fileEncoding = 4; lastKnownFileType = sourcecode.c.objc; path = MGTwitterUsersLibXMLParser.m; sourceTree = "<group>"; };
		223182BA136AEF750027F597 /* MGTwitterUsersParser.h */ = {isa = PBXFileReference; fileEncoding = 4; lastKnownFileType = sourcecode.c.h; path = MGTwitterUsersParser.h; sourceTree = "<group>"; };
		223182BB136AEF750027F597 /* MGTwitterUsersParser.m */ = {isa = PBXFileReference; fileEncoding = 4; lastKnownFileType = sourcecode.c.objc; path = MGTwitterUsersParser.m; sourceTree = "<group>"; };
		223182BC136AEF750027F597 /* MGTwitterXMLParser.h */ = {isa = PBXFileReference; fileEncoding = 4; lastKnownFileType = sourcecode.c.h; path = MGTwitterXMLParser.h; sourceTree = "<group>"; };
		223182BD136AEF750027F597 /* MGTwitterXMLParser.m */ = {isa = PBXFileReference; fileEncoding = 4; lastKnownFileType = sourcecode.c.objc; path = MGTwitterXMLParser.m; sourceTree = "<group>"; };
		223182BE136AEF750027F597 /* NSData+Base64.h */ = {isa = PBXFileReference; fileEncoding = 4; lastKnownFileType = sourcecode.c.h; path = "NSData+Base64.h"; sourceTree = "<group>"; };
		223182BF136AEF750027F597 /* NSData+Base64.m */ = {isa = PBXFileReference; fileEncoding = 4; lastKnownFileType = sourcecode.c.objc; path = "NSData+Base64.m"; sourceTree = "<group>"; };
		223182C0136AEF750027F597 /* NSString+UUID.h */ = {isa = PBXFileReference; fileEncoding = 4; lastKnownFileType = sourcecode.c.h; path = "NSString+UUID.h"; sourceTree = "<group>"; };
		223182C1136AEF750027F597 /* NSString+UUID.m */ = {isa = PBXFileReference; fileEncoding = 4; lastKnownFileType = sourcecode.c.objc; path = "NSString+UUID.m"; sourceTree = "<group>"; };
		223182C3136AEF750027F597 /* SA_OAuthTwitterController.h */ = {isa = PBXFileReference; fileEncoding = 4; lastKnownFileType = sourcecode.c.h; path = SA_OAuthTwitterController.h; sourceTree = "<group>"; };
		223182C4136AEF750027F597 /* SA_OAuthTwitterController.m */ = {isa = PBXFileReference; fileEncoding = 4; lastKnownFileType = sourcecode.c.objc; path = SA_OAuthTwitterController.m; sourceTree = "<group>"; };
		223182C5136AEF750027F597 /* SA_OAuthTwitterEngine.h */ = {isa = PBXFileReference; fileEncoding = 4; lastKnownFileType = sourcecode.c.h; path = SA_OAuthTwitterEngine.h; sourceTree = "<group>"; };
		223182C6136AEF750027F597 /* SA_OAuthTwitterEngine.m */ = {isa = PBXFileReference; fileEncoding = 4; lastKnownFileType = sourcecode.c.objc; path = SA_OAuthTwitterEngine.m; sourceTree = "<group>"; };
		223182C7136AEF750027F597 /* twitter_load.png */ = {isa = PBXFileReference; lastKnownFileType = image.png; path = twitter_load.png; sourceTree = "<group>"; };
		223182DC136AEFAA0027F597 /* libxml2.2.7.3.dylib */ = {isa = PBXFileReference; lastKnownFileType = "compiled.mach-o.dylib"; name = libxml2.2.7.3.dylib; path = usr/lib/libxml2.2.7.3.dylib; sourceTree = SDKROOT; };
		223182DE136AF0E30027F597 /* libxml2.dylib */ = {isa = PBXFileReference; lastKnownFileType = "compiled.mach-o.dylib"; name = libxml2.dylib; path = usr/lib/libxml2.dylib; sourceTree = SDKROOT; };
		223182E0136AFBA30027F597 /* gearButton.png */ = {isa = PBXFileReference; lastKnownFileType = image.png; path = gearButton.png; sourceTree = "<group>"; };
		22BB5AC81369BA57004B299B /* ProgrammeDetailViewController.h */ = {isa = PBXFileReference; fileEncoding = 4; lastKnownFileType = sourcecode.c.h; path = ProgrammeDetailViewController.h; sourceTree = "<group>"; };
		22BB5AC91369BA57004B299B /* ProgrammeDetailViewController.m */ = {isa = PBXFileReference; fileEncoding = 4; lastKnownFileType = sourcecode.c.objc; path = ProgrammeDetailViewController.m; sourceTree = "<group>"; };
		22BB5ACA1369BA57004B299B /* ProgrammeDetailViewController.xib */ = {isa = PBXFileReference; fileEncoding = 4; lastKnownFileType = file.xib; name = ProgrammeDetailViewController.xib; path = Classes/ProgrammeDetailViewController.xib; sourceTree = "<group>"; };
		22BB5ACE1369BA63004B299B /* Programme.h */ = {isa = PBXFileReference; fileEncoding = 4; lastKnownFileType = sourcecode.c.h; path = Programme.h; sourceTree = "<group>"; };
		22BB5ACF1369BA63004B299B /* Programme.m */ = {isa = PBXFileReference; fileEncoding = 4; lastKnownFileType = sourcecode.c.objc; path = Programme.m; sourceTree = "<group>"; };
		22BB5AD11369BA71004B299B /* BaseCell.xib */ = {isa = PBXFileReference; fileEncoding = 4; lastKnownFileType = file.xib; name = BaseCell.xib; path = Classes/BaseCell.xib; sourceTree = "<group>"; };
		22BB5AD61369BF89004B299B /* GTMDefines.h */ = {isa = PBXFileReference; fileEncoding = 4; lastKnownFileType = sourcecode.c.h; path = GTMDefines.h; sourceTree = "<group>"; };
		22BB5AD71369BF89004B299B /* GTMNSString+HTML.h */ = {isa = PBXFileReference; fileEncoding = 4; lastKnownFileType = sourcecode.c.h; path = "GTMNSString+HTML.h"; sourceTree = "<group>"; };
		22BB5AD81369BF89004B299B /* GTMNSString+HTML.m */ = {isa = PBXFileReference; fileEncoding = 4; lastKnownFileType = sourcecode.c.objc; path = "GTMNSString+HTML.m"; sourceTree = "<group>"; };
		22BB5AD91369BF89004B299B /* NSString+HTML.h */ = {isa = PBXFileReference; fileEncoding = 4; lastKnownFileType = sourcecode.c.h; path = "NSString+HTML.h"; sourceTree = "<group>"; };
		22BB5ADA1369BF89004B299B /* NSString+HTML.m */ = {isa = PBXFileReference; fileEncoding = 4; lastKnownFileType = sourcecode.c.objc; path = "NSString+HTML.m"; sourceTree = "<group>"; };
		22BB5ADB1369BF89004B299B /* NSString+XMLEntities.h */ = {isa = PBXFileReference; fileEncoding = 4; lastKnownFileType = sourcecode.c.h; path = "NSString+XMLEntities.h"; sourceTree = "<group>"; };
		22BB5ADC1369BF89004B299B /* NSString+XMLEntities.m */ = {isa = PBXFileReference; fileEncoding = 4; lastKnownFileType = sourcecode.c.objc; path = "NSString+XMLEntities.m"; sourceTree = "<group>"; };
		22BB5AE31369D40B004B299B /* README.markdown */ = {isa = PBXFileReference; fileEncoding = 4; lastKnownFileType = text; path = README.markdown; sourceTree = "<group>"; };
		22BB5AE61369D5D8004B299B /* upperBackgroundView.png */ = {isa = PBXFileReference; lastKnownFileType = image.png; path = upperBackgroundView.png; sourceTree = "<group>"; };
		22BB5AE81369D979004B299B /* Icon.png */ = {isa = PBXFileReference; lastKnownFileType = image.png; path = Icon.png; sourceTree = "<group>"; };
		22BB5AE91369D979004B299B /* Icon@2x.png */ = {isa = PBXFileReference; lastKnownFileType = image.png; path = "Icon@2x.png"; sourceTree = "<group>"; };
		22D364161399290C00093989 /* button_bar.png */ = {isa = PBXFileReference; lastKnownFileType = image.png; path = button_bar.png; sourceTree = "<group>"; };
		22D3641913992A2F00093989 /* green_button.png */ = {isa = PBXFileReference; lastKnownFileType = image.png; path = green_button.png; sourceTree = "<group>"; };
		22D3641D13992C6500093989 /* WatchModalViewController.h */ = {isa = PBXFileReference; fileEncoding = 4; lastKnownFileType = sourcecode.c.h; path = WatchModalViewController.h; sourceTree = "<group>"; };
		22D3641E13992C6500093989 /* WatchModalViewController.m */ = {isa = PBXFileReference; fileEncoding = 4; lastKnownFileType = sourcecode.c.objc; path = WatchModalViewController.m; sourceTree = "<group>"; };
		22D3641F13992C6500093989 /* WatchModalViewController.xib */ = {isa = PBXFileReference; fileEncoding = 4; lastKnownFileType = file.xib; name = WatchModalViewController.xib; path = Classes/WatchModalViewController.xib; sourceTree = "<group>"; };
		22D364221399343600093989 /* fake_nav_bar.png */ = {isa = PBXFileReference; lastKnownFileType = image.png; path = fake_nav_bar.png; sourceTree = "<group>"; };
		22D4EAE11369F5FB00FE81CD /* Entitlements.plist */ = {isa = PBXFileReference; fileEncoding = 4; lastKnownFileType = text.plist.xml; path = Entitlements.plist; sourceTree = "<group>"; };
		22E45079139A6A3D000D31A8 /* RestKit.xcodeproj */ = {isa = PBXFileReference; lastKnownFileType = "wrapper.pb-project"; name = RestKit.xcodeproj; path = RestKit/RestKit.xcodeproj; sourceTree = "<group>"; };
		22E450A4139A6B39000D31A8 /* libRestKitJSONParserYAJL.a */ = {isa = PBXFileReference; explicitFileType = archive.ar; path = libRestKitJSONParserYAJL.a; sourceTree = SOURCE_ROOT; };
		22E450A5139A6B39000D31A8 /* libRestKitNetwork.a */ = {isa = PBXFileReference; explicitFileType = archive.ar; path = libRestKitNetwork.a; sourceTree = SOURCE_ROOT; };
		22E450A6139A6B39000D31A8 /* libRestKitObjectMapping.a */ = {isa = PBXFileReference; explicitFileType = archive.ar; path = libRestKitObjectMapping.a; sourceTree = SOURCE_ROOT; };
		22E450A7139A6B39000D31A8 /* libRestKitSupport.a */ = {isa = PBXFileReference; explicitFileType = archive.ar; path = libRestKitSupport.a; sourceTree = SOURCE_ROOT; };
		22E450AC139A6B39000D31A8 /* CFNetwork.framework */ = {isa = PBXFileReference; lastKnownFileType = wrapper.framework; name = CFNetwork.framework; path = System/Library/Frameworks/CFNetwork.framework; sourceTree = SDKROOT; };
		22E450AD139A6B39000D31A8 /* MobileCoreServices.framework */ = {isa = PBXFileReference; lastKnownFileType = wrapper.framework; name = MobileCoreServices.framework; path = System/Library/Frameworks/MobileCoreServices.framework; sourceTree = SDKROOT; };
		22E450AE139A6B39000D31A8 /* SystemConfiguration.framework */ = {isa = PBXFileReference; lastKnownFileType = wrapper.framework; name = SystemConfiguration.framework; path = System/Library/Frameworks/SystemConfiguration.framework; sourceTree = SDKROOT; };
		22EEA9E4137827B900435B7F /* SystemConfiguration.framework */ = {isa = PBXFileReference; lastKnownFileType = wrapper.framework; name = SystemConfiguration.framework; path = System/Library/Frameworks/SystemConfiguration.framework; sourceTree = SDKROOT; };
		22EEA9E7137827FA00435B7F /* Reachability.h */ = {isa = PBXFileReference; fileEncoding = 4; lastKnownFileType = sourcecode.c.h; name = Reachability.h; path = ../../Libraries/Reachability/Classes/Reachability.h; sourceTree = "<group>"; };
		22EEA9E8137827FA00435B7F /* Reachability.m */ = {isa = PBXFileReference; fileEncoding = 4; lastKnownFileType = sourcecode.c.objc; name = Reachability.m; path = ../../Libraries/Reachability/Classes/Reachability.m; sourceTree = "<group>"; };
		22EEA9F5137846C200435B7F /* LoadProgrammeImageOperation.h */ = {isa = PBXFileReference; fileEncoding = 4; lastKnownFileType = sourcecode.c.h; path = LoadProgrammeImageOperation.h; sourceTree = "<group>"; };
		22EEA9F6137846C200435B7F /* LoadProgrammeImageOperation.m */ = {isa = PBXFileReference; fileEncoding = 4; lastKnownFileType = sourcecode.c.objc; path = LoadProgrammeImageOperation.m; sourceTree = "<group>"; };
		22EEA9F81378470100435B7F /* LoadProgrammeImageOperationDelegate.h */ = {isa = PBXFileReference; fileEncoding = 4; lastKnownFileType = sourcecode.c.h; path = LoadProgrammeImageOperationDelegate.h; sourceTree = "<group>"; };
		22F21E3C1399165100F77712 /* checkbox.png */ = {isa = PBXFileReference; lastKnownFileType = image.png; path = checkbox.png; sourceTree = "<group>"; };
		22F21E3E139917CC00F77712 /* listview-arrow.png */ = {isa = PBXFileReference; lastKnownFileType = image.png; path = "listview-arrow.png"; sourceTree = "<group>"; };
		22FB8BC713993A6700DC5A4B /* wewatch.png */ = {isa = PBXFileReference; lastKnownFileType = image.png; path = wewatch.png; sourceTree = "<group>"; };
		2892E40F0DC94CBA00A64D0F /* CoreGraphics.framework */ = {isa = PBXFileReference; lastKnownFileType = wrapper.framework; name = CoreGraphics.framework; path = System/Library/Frameworks/CoreGraphics.framework; sourceTree = SDKROOT; };
		28A0AAE50D9B0CCF005BE974 /* WeWatch_Prefix.pch */ = {isa = PBXFileReference; fileEncoding = 4; lastKnownFileType = sourcecode.c.h; path = WeWatch_Prefix.pch; sourceTree = "<group>"; };
		28AD735F0D9D9599002E5188 /* MainWindow.xib */ = {isa = PBXFileReference; lastKnownFileType = file.xib; path = MainWindow.xib; sourceTree = "<group>"; };
		28C286DF0D94DF7D0034E888 /* RootViewController.h */ = {isa = PBXFileReference; fileEncoding = 4; lastKnownFileType = sourcecode.c.h; lineEnding = 0; path = RootViewController.h; sourceTree = "<group>"; xcLanguageSpecificationIdentifier = xcode.lang.objcpp; };
		28C286E00D94DF7D0034E888 /* RootViewController.m */ = {isa = PBXFileReference; fileEncoding = 4; lastKnownFileType = sourcecode.c.objc; lineEnding = 0; path = RootViewController.m; sourceTree = "<group>"; xcLanguageSpecificationIdentifier = xcode.lang.objc; };
		28F335F01007B36200424DE2 /* RootViewController.xib */ = {isa = PBXFileReference; lastKnownFileType = file.xib; path = RootViewController.xib; sourceTree = "<group>"; };
		29B97316FDCFA39411CA2CEA /* main.m */ = {isa = PBXFileReference; fileEncoding = 4; lastKnownFileType = sourcecode.c.objc; lineEnding = 0; path = main.m; sourceTree = "<group>"; xcLanguageSpecificationIdentifier = xcode.lang.objc; };
		8D1107310486CEB800E47090 /* WeWatch-Info.plist */ = {isa = PBXFileReference; fileEncoding = 4; lastKnownFileType = text.plist.xml; path = "WeWatch-Info.plist"; plistStructureDefinitionIdentifier = "com.apple.xcode.plist.structure-definition.iphone.info-plist"; sourceTree = "<group>"; };
		A7F23C0911F74DF400E3722F /* CDataScanner.h */ = {isa = PBXFileReference; fileEncoding = 4; lastKnownFileType = sourcecode.c.h; path = CDataScanner.h; sourceTree = "<group>"; };
		A7F23C0A11F74DF400E3722F /* CDataScanner.m */ = {isa = PBXFileReference; fileEncoding = 4; lastKnownFileType = sourcecode.c.objc; path = CDataScanner.m; sourceTree = "<group>"; };
		A7F23C0C11F74DF400E3722F /* CDataScanner_Extensions.h */ = {isa = PBXFileReference; fileEncoding = 4; lastKnownFileType = sourcecode.c.h; path = CDataScanner_Extensions.h; sourceTree = "<group>"; };
		A7F23C0D11F74DF400E3722F /* CDataScanner_Extensions.m */ = {isa = PBXFileReference; fileEncoding = 4; lastKnownFileType = sourcecode.c.objc; path = CDataScanner_Extensions.m; sourceTree = "<group>"; };
		A7F23C0E11F74DF400E3722F /* NSCharacterSet_Extensions.h */ = {isa = PBXFileReference; fileEncoding = 4; lastKnownFileType = sourcecode.c.h; path = NSCharacterSet_Extensions.h; sourceTree = "<group>"; };
		A7F23C0F11F74DF400E3722F /* NSCharacterSet_Extensions.m */ = {isa = PBXFileReference; fileEncoding = 4; lastKnownFileType = sourcecode.c.objc; path = NSCharacterSet_Extensions.m; sourceTree = "<group>"; };
		A7F23C1011F74DF400E3722F /* NSDictionary_JSONExtensions.h */ = {isa = PBXFileReference; fileEncoding = 4; lastKnownFileType = sourcecode.c.h; path = NSDictionary_JSONExtensions.h; sourceTree = "<group>"; };
		A7F23C1111F74DF400E3722F /* NSDictionary_JSONExtensions.m */ = {isa = PBXFileReference; fileEncoding = 4; lastKnownFileType = sourcecode.c.objc; path = NSDictionary_JSONExtensions.m; sourceTree = "<group>"; };
		A7F23C1211F74DF400E3722F /* NSScanner_Extensions.h */ = {isa = PBXFileReference; fileEncoding = 4; lastKnownFileType = sourcecode.c.h; path = NSScanner_Extensions.h; sourceTree = "<group>"; };
		A7F23C1311F74DF400E3722F /* NSScanner_Extensions.m */ = {isa = PBXFileReference; fileEncoding = 4; lastKnownFileType = sourcecode.c.objc; path = NSScanner_Extensions.m; sourceTree = "<group>"; };
		A7F23C1511F74DF400E3722F /* CJSONDataSerializer.h */ = {isa = PBXFileReference; fileEncoding = 4; lastKnownFileType = sourcecode.c.h; path = CJSONDataSerializer.h; sourceTree = "<group>"; };
		A7F23C1611F74DF400E3722F /* CJSONDataSerializer.m */ = {isa = PBXFileReference; fileEncoding = 4; lastKnownFileType = sourcecode.c.objc; path = CJSONDataSerializer.m; sourceTree = "<group>"; };
		A7F23C1711F74DF400E3722F /* CJSONDeserializer.h */ = {isa = PBXFileReference; fileEncoding = 4; lastKnownFileType = sourcecode.c.h; path = CJSONDeserializer.h; sourceTree = "<group>"; };
		A7F23C1811F74DF400E3722F /* CJSONDeserializer.m */ = {isa = PBXFileReference; fileEncoding = 4; lastKnownFileType = sourcecode.c.objc; path = CJSONDeserializer.m; sourceTree = "<group>"; };
		A7F23C1911F74DF400E3722F /* CJSONScanner.h */ = {isa = PBXFileReference; fileEncoding = 4; lastKnownFileType = sourcecode.c.h; path = CJSONScanner.h; sourceTree = "<group>"; };
		A7F23C1A11F74DF400E3722F /* CJSONScanner.m */ = {isa = PBXFileReference; fileEncoding = 4; lastKnownFileType = sourcecode.c.objc; path = CJSONScanner.m; sourceTree = "<group>"; };
		A7F23C1B11F74DF400E3722F /* CJSONSerializer.h */ = {isa = PBXFileReference; fileEncoding = 4; lastKnownFileType = sourcecode.c.h; path = CJSONSerializer.h; sourceTree = "<group>"; };
		A7F23C1C11F74DF400E3722F /* CJSONSerializer.m */ = {isa = PBXFileReference; fileEncoding = 4; lastKnownFileType = sourcecode.c.objc; path = CJSONSerializer.m; sourceTree = "<group>"; };
		A7F23C1D11F74DF400E3722F /* CSerializedJSONData.h */ = {isa = PBXFileReference; fileEncoding = 4; lastKnownFileType = sourcecode.c.h; path = CSerializedJSONData.h; sourceTree = "<group>"; };
		A7F23C1E11F74DF400E3722F /* CSerializedJSONData.m */ = {isa = PBXFileReference; fileEncoding = 4; lastKnownFileType = sourcecode.c.objc; path = CSerializedJSONData.m; sourceTree = "<group>"; };
		A7F23C4811F7561500E3722F /* TweetDetailViewController.xib */ = {isa = PBXFileReference; lastKnownFileType = file.xib; path = TweetDetailViewController.xib; sourceTree = "<group>"; };
		A7F23D5311F859CD00E3722F /* LoadImagesOperation.h */ = {isa = PBXFileReference; fileEncoding = 4; lastKnownFileType = sourcecode.c.h; lineEnding = 0; path = LoadImagesOperation.h; sourceTree = "<group>"; xcLanguageSpecificationIdentifier = xcode.lang.objcpp; };
		A7F23D5411F859CD00E3722F /* LoadImagesOperation.m */ = {isa = PBXFileReference; fileEncoding = 4; lastKnownFileType = sourcecode.c.objc; lineEnding = 0; path = LoadImagesOperation.m; sourceTree = "<group>"; xcLanguageSpecificationIdentifier = xcode.lang.objc; };
		A7F23D5611F85B4B00E3722F /* LoadImagesOperationDelegate.h */ = {isa = PBXFileReference; fileEncoding = 4; lastKnownFileType = sourcecode.c.h; lineEnding = 0; path = LoadImagesOperationDelegate.h; sourceTree = "<group>"; xcLanguageSpecificationIdentifier = xcode.lang.objcpp; };
		A7F23DD911F8866D00E3722F /* LoadPublicTimelineOperation.h */ = {isa = PBXFileReference; fileEncoding = 4; lastKnownFileType = sourcecode.c.h; lineEnding = 0; path = LoadPublicTimelineOperation.h; sourceTree = "<group>"; xcLanguageSpecificationIdentifier = xcode.lang.objcpp; };
		A7F23DDA11F8866D00E3722F /* LoadPublicTimelineOperation.m */ = {isa = PBXFileReference; fileEncoding = 4; lastKnownFileType = sourcecode.c.objc; lineEnding = 0; path = LoadPublicTimelineOperation.m; sourceTree = "<group>"; xcLanguageSpecificationIdentifier = xcode.lang.objc; };
		A7F23DDC11F886B600E3722F /* LoadPublicTimelineOperationDelegate.h */ = {isa = PBXFileReference; fileEncoding = 4; lastKnownFileType = sourcecode.c.h; lineEnding = 0; path = LoadPublicTimelineOperationDelegate.h; sourceTree = "<group>"; xcLanguageSpecificationIdentifier = xcode.lang.objcpp; };
		A7F23E0311F8959400E3722F /* NSOperation+ActivityIndicator.h */ = {isa = PBXFileReference; fileEncoding = 4; lastKnownFileType = sourcecode.c.h; path = "NSOperation+ActivityIndicator.h"; sourceTree = "<group>"; };
		A7F23E0411F8959400E3722F /* NSOperation+ActivityIndicator.m */ = {isa = PBXFileReference; fileEncoding = 4; lastKnownFileType = sourcecode.c.objc; path = "NSOperation+ActivityIndicator.m"; sourceTree = "<group>"; };
/* End PBXFileReference section */

/* Begin PBXFrameworksBuildPhase section */
		1D60588F0D05DD3D006BFB54 /* Frameworks */ = {
			isa = PBXFrameworksBuildPhase;
			buildActionMask = 2147483647;
			files = (
				22E450AF139A6B39000D31A8 /* CFNetwork.framework in Frameworks */,
				22E450B0139A6B39000D31A8 /* MobileCoreServices.framework in Frameworks */,
				22EEA9E5137827B900435B7F /* SystemConfiguration.framework in Frameworks */,
				22E450A8139A6B39000D31A8 /* libRestKitJSONParserYAJL.a in Frameworks */,
				22E450A9139A6B39000D31A8 /* libRestKitNetwork.a in Frameworks */,
				22E450AA139A6B39000D31A8 /* libRestKitObjectMapping.a in Frameworks */,
				22E450AB139A6B39000D31A8 /* libRestKitSupport.a in Frameworks */,
				223182DF136AF0E30027F597 /* libxml2.dylib in Frameworks */,
				22318280136ADA970027F597 /* QuartzCore.framework in Frameworks */,
				1D60589F0D05DD5A006BFB54 /* Foundation.framework in Frameworks */,
				1DF5F4E00D08C38300B7A737 /* UIKit.framework in Frameworks */,
				2892E4100DC94CBA00A64D0F /* CoreGraphics.framework in Frameworks */,
				223182CA136AEF750027F597 /* libOAuth.a in Frameworks */,
			);
			runOnlyForDeploymentPostprocessing = 0;
		};
/* End PBXFrameworksBuildPhase section */

/* Begin PBXGroup section */
		080E96DDFE201D6D7F000001 /* Classes */ = {
			isa = PBXGroup;
			children = (
				22BB5ACE1369BA63004B299B /* Programme.h */,
				22BB5ACF1369BA63004B299B /* Programme.m */,
				22BB5AC81369BA57004B299B /* ProgrammeDetailViewController.h */,
				22BB5AC91369BA57004B299B /* ProgrammeDetailViewController.m */,
				28C286DF0D94DF7D0034E888 /* RootViewController.h */,
				28C286E00D94DF7D0034E888 /* RootViewController.m */,
				1D3623240D0F684500981E51 /* WeWatchAppDelegate.h */,
				1D3623250D0F684500981E51 /* WeWatchAppDelegate.m */,
				22D3641D13992C6500093989 /* WatchModalViewController.h */,
				22D3641E13992C6500093989 /* WatchModalViewController.m */,
			);
			path = Classes;
			sourceTree = "<group>";
		};
		19C28FACFE9D520D11CA2CBB /* Products */ = {
			isa = PBXGroup;
			children = (
				1D6058910D05DD3D006BFB54 /* WeWatch.app */,
			);
			name = Products;
			sourceTree = "<group>";
		};
		2217899C1374211F009656A7 /* Notes */ = {
			isa = PBXGroup;
			children = (
				2217899E13742140009656A7 /* JSON example source */,
			);
			name = Notes;
			sourceTree = "<group>";
		};
		22318278136ADA590027F597 /* Pull Refresh */ = {
			isa = PBXGroup;
			children = (
				2231827A136ADA730027F597 /* PullRefreshTableViewController.h */,
				2231827B136ADA730027F597 /* PullRefreshTableViewController.m */,
			);
			name = "Pull Refresh";
			sourceTree = "<group>";
		};
		2231828C136AEF750027F597 /* Twitter+OAuth */ = {
			isa = PBXGroup;
			children = (
				2231828D136AEF750027F597 /* Libraries & Headers */,
				223182A1136AEF750027F597 /* MGTwitterEngine */,
				223182C2136AEF750027F597 /* SAOAuthTwitterEngine */,
			);
			path = "Twitter+OAuth";
			sourceTree = "<group>";
		};
		2231828D136AEF750027F597 /* Libraries & Headers */ = {
			isa = PBXGroup;
			children = (
				2231828E136AEF750027F597 /* jQueryInject.txt */,
				2231828F136AEF750027F597 /* jQueryInjectLandscape.txt */,
				22318290136AEF750027F597 /* libOAuth.a */,
				22318291136AEF750027F597 /* OAuthConsumer */,
			);
			path = "Libraries & Headers";
			sourceTree = "<group>";
		};
		22318291136AEF750027F597 /* OAuthConsumer */ = {
			isa = PBXGroup;
			children = (
				22318292136AEF750027F597 /* NSMutableURLRequest+Parameters.h */,
				22318293136AEF750027F597 /* NSString+URLEncoding.h */,
				22318294136AEF750027F597 /* NSURL+Base.h */,
				22318295136AEF750027F597 /* OAAsynchronousDataFetcher.h */,
				22318296136AEF750027F597 /* OAConsumer.h */,
				22318297136AEF750027F597 /* OADataFetcher.h */,
				22318298136AEF750027F597 /* OAHMAC_SHA1SignatureProvider.h */,
				22318299136AEF750027F597 /* OAMutableURLRequest.h */,
				2231829A136AEF750027F597 /* OAPlaintextSignatureProvider.h */,
				2231829B136AEF750027F597 /* OARequestParameter.h */,
				2231829C136AEF750027F597 /* OAServiceTicket.h */,
				2231829D136AEF750027F597 /* OASignatureProviding.h */,
				2231829E136AEF750027F597 /* OAToken.h */,
				2231829F136AEF750027F597 /* OAToken_KeychainExtensions.h */,
				223182A0136AEF750027F597 /* OAuthConsumer.h */,
			);
			path = OAuthConsumer;
			sourceTree = "<group>";
		};
		223182A1136AEF750027F597 /* MGTwitterEngine */ = {
			isa = PBXGroup;
			children = (
				223182A2136AEF750027F597 /* MGTwitterEngine.h */,
				223182A3136AEF750027F597 /* MGTwitterEngine.m */,
				223182A4136AEF750027F597 /* MGTwitterEngineDelegate.h */,
				223182A5136AEF750027F597 /* MGTwitterEngineGlobalHeader.h */,
				223182A6136AEF750027F597 /* MGTwitterHTTPURLConnection.h */,
				223182A7136AEF750027F597 /* MGTwitterHTTPURLConnection.m */,
				223182A8136AEF750027F597 /* MGTwitterLibXMLParser.h */,
				223182A9136AEF750027F597 /* MGTwitterLibXMLParser.m */,
				223182AA136AEF750027F597 /* MGTwitterMessagesLibXMLParser.h */,
				223182AB136AEF750027F597 /* MGTwitterMessagesLibXMLParser.m */,
				223182AC136AEF750027F597 /* MGTwitterMessagesParser.h */,
				223182AD136AEF750027F597 /* MGTwitterMessagesParser.m */,
				223182AE136AEF750027F597 /* MGTwitterMiscLibXMLParser.h */,
				223182AF136AEF750027F597 /* MGTwitterMiscLibXMLParser.m */,
				223182B0136AEF750027F597 /* MGTwitterMiscParser.h */,
				223182B1136AEF750027F597 /* MGTwitterMiscParser.m */,
				223182B2136AEF750027F597 /* MGTwitterParserDelegate.h */,
				223182B3136AEF750027F597 /* MGTwitterRequestTypes.h */,
				223182B4136AEF750027F597 /* MGTwitterStatusesLibXMLParser.h */,
				223182B5136AEF750027F597 /* MGTwitterStatusesLibXMLParser.m */,
				223182B6136AEF750027F597 /* MGTwitterStatusesParser.h */,
				223182B7136AEF750027F597 /* MGTwitterStatusesParser.m */,
				223182B8136AEF750027F597 /* MGTwitterUsersLibXMLParser.h */,
				223182B9136AEF750027F597 /* MGTwitterUsersLibXMLParser.m */,
				223182BA136AEF750027F597 /* MGTwitterUsersParser.h */,
				223182BB136AEF750027F597 /* MGTwitterUsersParser.m */,
				223182BC136AEF750027F597 /* MGTwitterXMLParser.h */,
				223182BD136AEF750027F597 /* MGTwitterXMLParser.m */,
				223182BE136AEF750027F597 /* NSData+Base64.h */,
				223182BF136AEF750027F597 /* NSData+Base64.m */,
				223182C0136AEF750027F597 /* NSString+UUID.h */,
				223182C1136AEF750027F597 /* NSString+UUID.m */,
			);
			path = MGTwitterEngine;
			sourceTree = "<group>";
		};
		223182C2136AEF750027F597 /* SAOAuthTwitterEngine */ = {
			isa = PBXGroup;
			children = (
				223182C3136AEF750027F597 /* SA_OAuthTwitterController.h */,
				223182C4136AEF750027F597 /* SA_OAuthTwitterController.m */,
				223182C5136AEF750027F597 /* SA_OAuthTwitterEngine.h */,
				223182C6136AEF750027F597 /* SA_OAuthTwitterEngine.m */,
				223182C7136AEF750027F597 /* twitter_load.png */,
			);
			path = SAOAuthTwitterEngine;
			sourceTree = "<group>";
		};
		22BB5AE01369BF8D004B299B /* MWFeedParser */ = {
			isa = PBXGroup;
			children = (
				22318278136ADA590027F597 /* Pull Refresh */,
				22BB5AD71369BF89004B299B /* GTMNSString+HTML.h */,
				22BB5AD81369BF89004B299B /* GTMNSString+HTML.m */,
				22BB5AD91369BF89004B299B /* NSString+HTML.h */,
				22BB5ADA1369BF89004B299B /* NSString+HTML.m */,
				22BB5ADB1369BF89004B299B /* NSString+XMLEntities.h */,
				22BB5ADC1369BF89004B299B /* NSString+XMLEntities.m */,
				22BB5AD61369BF89004B299B /* GTMDefines.h */,
			);
			name = MWFeedParser;
			sourceTree = "<group>";
		};
		22BB5AE51369D495004B299B /* Nib files */ = {
			isa = PBXGroup;
			children = (
				22D3641F13992C6500093989 /* WatchModalViewController.xib */,
				22BB5AD11369BA71004B299B /* BaseCell.xib */,
				22BB5ACA1369BA57004B299B /* ProgrammeDetailViewController.xib */,
				28AD735F0D9D9599002E5188 /* MainWindow.xib */,
				28F335F01007B36200424DE2 /* RootViewController.xib */,
				A7F23C4811F7561500E3722F /* TweetDetailViewController.xib */,
			);
			name = "Nib files";
			sourceTree = "<group>";
		};
		22E4507A139A6A3D000D31A8 /* Products */ = {
			isa = PBXGroup;
			children = (
				22E4508E139A6A3D000D31A8 /* libRestKitNetwork.a */,
				22E45090139A6A3D000D31A8 /* libRestKitObjectMapping.a */,
				22E45092139A6A3D000D31A8 /* libRestKitSupport.a */,
				22E45094139A6A3D000D31A8 /* libRestKitJSONParserYAJL.a */,
				22E45096139A6A3D000D31A8 /* libRestKitJSONParserSBJSON.a */,
				22E45098139A6A3D000D31A8 /* libRestKitJSONParserJSONKit.a */,
				22E4509A139A6A3D000D31A8 /* libRestKitXMLParserLibxml.a */,
				22E4509C139A6A3D000D31A8 /* libRestKitCoreData.a */,
				22E4509E139A6A3D000D31A8 /* libRestKitThree20.a */,
				22E450A0139A6A3D000D31A8 /* UISpec.app */,
			);
			name = Products;
			sourceTree = "<group>";
		};
		22EEA9FB13784D3900435B7F /* Programme image load */ = {
			isa = PBXGroup;
			children = (
				22EEA9F5137846C200435B7F /* LoadProgrammeImageOperation.h */,
				22EEA9F6137846C200435B7F /* LoadProgrammeImageOperation.m */,
				22EEA9F81378470100435B7F /* LoadProgrammeImageOperationDelegate.h */,
			);
			name = "Programme image load";
			sourceTree = "<group>";
		};
		22EEA9FC13784D4C00435B7F /* Timeline load */ = {
			isa = PBXGroup;
			children = (
				A7F23DD911F8866D00E3722F /* LoadPublicTimelineOperation.h */,
				A7F23DDA11F8866D00E3722F /* LoadPublicTimelineOperation.m */,
				A7F23DDC11F886B600E3722F /* LoadPublicTimelineOperationDelegate.h */,
			);
			name = "Timeline load";
			sourceTree = "<group>";
		};
		22EEA9FD13784D5C00435B7F /* Legacy */ = {
			isa = PBXGroup;
			children = (
				A7F23D5311F859CD00E3722F /* LoadImagesOperation.h */,
				A7F23D5411F859CD00E3722F /* LoadImagesOperation.m */,
				A7F23D5611F85B4B00E3722F /* LoadImagesOperationDelegate.h */,
			);
			name = Legacy;
			sourceTree = "<group>";
		};
		29B97314FDCFA39411CA2CEA /* CustomTemplate */ = {
			isa = PBXGroup;
			children = (
				22E450AC139A6B39000D31A8 /* CFNetwork.framework */,
				22E450AD139A6B39000D31A8 /* MobileCoreServices.framework */,
				22E450AE139A6B39000D31A8 /* SystemConfiguration.framework */,
				22E450A4139A6B39000D31A8 /* libRestKitJSONParserYAJL.a */,
				22E450A5139A6B39000D31A8 /* libRestKitNetwork.a */,
				22E450A6139A6B39000D31A8 /* libRestKitObjectMapping.a */,
				22E450A7139A6B39000D31A8 /* libRestKitSupport.a */,
				22E45079139A6A3D000D31A8 /* RestKit.xcodeproj */,
				22BB5AE31369D40B004B299B /* README.markdown */,
				2217899C1374211F009656A7 /* Notes */,
				A7F23D5211F8599300E3722F /* Operations */,
				A7F23C2A11F74DFC00E3722F /* Libraries */,
				080E96DDFE201D6D7F000001 /* Classes */,
				29B97315FDCFA39411CA2CEA /* Other Sources */,
				22BB5AE51369D495004B299B /* Nib files */,
				29B97317FDCFA39411CA2CEA /* Resources */,
				29B97323FDCFA39411CA2CEA /* Frameworks */,
				19C28FACFE9D520D11CA2CBB /* Products */,
			);
			name = CustomTemplate;
			sourceTree = "<group>";
		};
		29B97315FDCFA39411CA2CEA /* Other Sources */ = {
			isa = PBXGroup;
			children = (
				28A0AAE50D9B0CCF005BE974 /* WeWatch_Prefix.pch */,
				29B97316FDCFA39411CA2CEA /* main.m */,
			);
			name = "Other Sources";
			sourceTree = "<group>";
		};
		29B97317FDCFA39411CA2CEA /* Resources */ = {
			isa = PBXGroup;
			children = (
				22FB8BC713993A6700DC5A4B /* wewatch.png */,
				22D364221399343600093989 /* fake_nav_bar.png */,
				22D3641913992A2F00093989 /* green_button.png */,
				22D364161399290C00093989 /* button_bar.png */,
				22F21E3E139917CC00F77712 /* listview-arrow.png */,
				22F21E3C1399165100F77712 /* checkbox.png */,
				223182E0136AFBA30027F597 /* gearButton.png */,
				2231827D136ADA870027F597 /* arrow.png */,
				22BB5AE81369D979004B299B /* Icon.png */,
				22BB5AE91369D979004B299B /* Icon@2x.png */,
				22BB5AE61369D5D8004B299B /* upperBackgroundView.png */,
				8D1107310486CEB800E47090 /* WeWatch-Info.plist */,
				22D4EAE11369F5FB00FE81CD /* Entitlements.plist */,
			);
			name = Resources;
			sourceTree = "<group>";
		};
		29B97323FDCFA39411CA2CEA /* Frameworks */ = {
			isa = PBXGroup;
			children = (
				22EEA9E4137827B900435B7F /* SystemConfiguration.framework */,
				1DF5F4DF0D08C38300B7A737 /* UIKit.framework */,
				1D30AB110D05D00D00671497 /* Foundation.framework */,
				2892E40F0DC94CBA00A64D0F /* CoreGraphics.framework */,
			);
			name = Frameworks;
			sourceTree = "<group>";
		};
		A7F23C0811F74DF300E3722F /* TouchJSON */ = {
			isa = PBXGroup;
			children = (
				A7F23C0911F74DF400E3722F /* CDataScanner.h */,
				A7F23C0A11F74DF400E3722F /* CDataScanner.m */,
				A7F23C0B11F74DF400E3722F /* Extensions */,
				A7F23C1411F74DF400E3722F /* JSON */,
			);
			name = TouchJSON;
			path = Source;
			sourceTree = "<group>";
		};
		A7F23C0B11F74DF400E3722F /* Extensions */ = {
			isa = PBXGroup;
			children = (
				A7F23C0C11F74DF400E3722F /* CDataScanner_Extensions.h */,
				A7F23C0D11F74DF400E3722F /* CDataScanner_Extensions.m */,
				A7F23C0E11F74DF400E3722F /* NSCharacterSet_Extensions.h */,
				A7F23C0F11F74DF400E3722F /* NSCharacterSet_Extensions.m */,
				A7F23C1011F74DF400E3722F /* NSDictionary_JSONExtensions.h */,
				A7F23C1111F74DF400E3722F /* NSDictionary_JSONExtensions.m */,
				A7F23C1211F74DF400E3722F /* NSScanner_Extensions.h */,
				A7F23C1311F74DF400E3722F /* NSScanner_Extensions.m */,
			);
			path = Extensions;
			sourceTree = "<group>";
		};
		A7F23C1411F74DF400E3722F /* JSON */ = {
			isa = PBXGroup;
			children = (
				A7F23C1511F74DF400E3722F /* CJSONDataSerializer.h */,
				A7F23C1611F74DF400E3722F /* CJSONDataSerializer.m */,
				A7F23C1711F74DF400E3722F /* CJSONDeserializer.h */,
				A7F23C1811F74DF400E3722F /* CJSONDeserializer.m */,
				A7F23C1911F74DF400E3722F /* CJSONScanner.h */,
				A7F23C1A11F74DF400E3722F /* CJSONScanner.m */,
				A7F23C1B11F74DF400E3722F /* CJSONSerializer.h */,
				A7F23C1C11F74DF400E3722F /* CJSONSerializer.m */,
				A7F23C1D11F74DF400E3722F /* CSerializedJSONData.h */,
				A7F23C1E11F74DF400E3722F /* CSerializedJSONData.m */,
			);
			path = JSON;
			sourceTree = "<group>";
		};
		A7F23C2A11F74DFC00E3722F /* Libraries */ = {
			isa = PBXGroup;
			children = (
				22EEA9E7137827FA00435B7F /* Reachability.h */,
				22EEA9E8137827FA00435B7F /* Reachability.m */,
				223182DE136AF0E30027F597 /* libxml2.dylib */,
				223182DC136AEFAA0027F597 /* libxml2.2.7.3.dylib */,
				22BB5AE01369BF8D004B299B /* MWFeedParser */,
				2231827F136ADA970027F597 /* QuartzCore.framework */,
				2231828C136AEF750027F597 /* Twitter+OAuth */,
				A7F23E0211F8959400E3722F /* Aral */,
				A7F23C0811F74DF300E3722F /* TouchJSON */,
			);
			name = Libraries;
			sourceTree = "<group>";
		};
		A7F23D5211F8599300E3722F /* Operations */ = {
			isa = PBXGroup;
			children = (
				22EEA9FD13784D5C00435B7F /* Legacy */,
				22EEA9FC13784D4C00435B7F /* Timeline load */,
				22EEA9FB13784D3900435B7F /* Programme image load */,
			);
			name = Operations;
			sourceTree = "<group>";
		};
		A7F23E0211F8959400E3722F /* Aral */ = {
			isa = PBXGroup;
			children = (
				A7F23E0311F8959400E3722F /* NSOperation+ActivityIndicator.h */,
				A7F23E0411F8959400E3722F /* NSOperation+ActivityIndicator.m */,
			);
			path = Aral;
			sourceTree = "<group>";
		};
/* End PBXGroup section */

/* Begin PBXNativeTarget section */
		1D6058900D05DD3D006BFB54 /* WeWatch */ = {
			isa = PBXNativeTarget;
			buildConfigurationList = 1D6058960D05DD3E006BFB54 /* Build configuration list for PBXNativeTarget "WeWatch" */;
			buildPhases = (
				1D60588D0D05DD3D006BFB54 /* Resources */,
				1D60588E0D05DD3D006BFB54 /* Sources */,
				1D60588F0D05DD3D006BFB54 /* Frameworks */,
			);
			buildRules = (
			);
			dependencies = (
				22E450A3139A6AF2000D31A8 /* PBXTargetDependency */,
			);
			name = WeWatch;
			productName = DrillDown;
			productReference = 1D6058910D05DD3D006BFB54 /* WeWatch.app */;
			productType = "com.apple.product-type.application";
		};
/* End PBXNativeTarget section */

/* Begin PBXProject section */
		29B97313FDCFA39411CA2CEA /* Project object */ = {
			isa = PBXProject;
			buildConfigurationList = C01FCF4E08A954540054247B /* Build configuration list for PBXProject "WeWatch" */;
			compatibilityVersion = "Xcode 3.1";
			developmentRegion = English;
			hasScannedForEncodings = 1;
			knownRegions = (
				English,
				Japanese,
				French,
				German,
				en,
			);
			mainGroup = 29B97314FDCFA39411CA2CEA /* CustomTemplate */;
			projectDirPath = "";
			projectReferences = (
				{
					ProductGroup = 22E4507A139A6A3D000D31A8 /* Products */;
					ProjectRef = 22E45079139A6A3D000D31A8 /* RestKit.xcodeproj */;
				},
			);
			projectRoot = "";
			targets = (
				1D6058900D05DD3D006BFB54 /* WeWatch */,
			);
		};
/* End PBXProject section */

/* Begin PBXReferenceProxy section */
		22E4508E139A6A3D000D31A8 /* libRestKitNetwork.a */ = {
			isa = PBXReferenceProxy;
			fileType = archive.ar;
			path = libRestKitNetwork.a;
			remoteRef = 22E4508D139A6A3D000D31A8 /* PBXContainerItemProxy */;
			sourceTree = BUILT_PRODUCTS_DIR;
		};
		22E45090139A6A3D000D31A8 /* libRestKitObjectMapping.a */ = {
			isa = PBXReferenceProxy;
			fileType = archive.ar;
			path = libRestKitObjectMapping.a;
			remoteRef = 22E4508F139A6A3D000D31A8 /* PBXContainerItemProxy */;
			sourceTree = BUILT_PRODUCTS_DIR;
		};
		22E45092139A6A3D000D31A8 /* libRestKitSupport.a */ = {
			isa = PBXReferenceProxy;
			fileType = archive.ar;
			path = libRestKitSupport.a;
			remoteRef = 22E45091139A6A3D000D31A8 /* PBXContainerItemProxy */;
			sourceTree = BUILT_PRODUCTS_DIR;
		};
		22E45094139A6A3D000D31A8 /* libRestKitJSONParserYAJL.a */ = {
			isa = PBXReferenceProxy;
			fileType = archive.ar;
			path = libRestKitJSONParserYAJL.a;
			remoteRef = 22E45093139A6A3D000D31A8 /* PBXContainerItemProxy */;
			sourceTree = BUILT_PRODUCTS_DIR;
		};
		22E45096139A6A3D000D31A8 /* libRestKitJSONParserSBJSON.a */ = {
			isa = PBXReferenceProxy;
			fileType = archive.ar;
			path = libRestKitJSONParserSBJSON.a;
			remoteRef = 22E45095139A6A3D000D31A8 /* PBXContainerItemProxy */;
			sourceTree = BUILT_PRODUCTS_DIR;
		};
		22E45098139A6A3D000D31A8 /* libRestKitJSONParserJSONKit.a */ = {
			isa = PBXReferenceProxy;
			fileType = archive.ar;
			path = libRestKitJSONParserJSONKit.a;
			remoteRef = 22E45097139A6A3D000D31A8 /* PBXContainerItemProxy */;
			sourceTree = BUILT_PRODUCTS_DIR;
		};
		22E4509A139A6A3D000D31A8 /* libRestKitXMLParserLibxml.a */ = {
			isa = PBXReferenceProxy;
			fileType = archive.ar;
			path = libRestKitXMLParserLibxml.a;
			remoteRef = 22E45099139A6A3D000D31A8 /* PBXContainerItemProxy */;
			sourceTree = BUILT_PRODUCTS_DIR;
		};
		22E4509C139A6A3D000D31A8 /* libRestKitCoreData.a */ = {
			isa = PBXReferenceProxy;
			fileType = archive.ar;
			path = libRestKitCoreData.a;
			remoteRef = 22E4509B139A6A3D000D31A8 /* PBXContainerItemProxy */;
			sourceTree = BUILT_PRODUCTS_DIR;
		};
		22E4509E139A6A3D000D31A8 /* libRestKitThree20.a */ = {
			isa = PBXReferenceProxy;
			fileType = archive.ar;
			path = libRestKitThree20.a;
			remoteRef = 22E4509D139A6A3D000D31A8 /* PBXContainerItemProxy */;
			sourceTree = BUILT_PRODUCTS_DIR;
		};
		22E450A0139A6A3D000D31A8 /* UISpec.app */ = {
			isa = PBXReferenceProxy;
			fileType = wrapper.application;
			path = UISpec.app;
			remoteRef = 22E4509F139A6A3D000D31A8 /* PBXContainerItemProxy */;
			sourceTree = BUILT_PRODUCTS_DIR;
		};
/* End PBXReferenceProxy section */

/* Begin PBXResourcesBuildPhase section */
		1D60588D0D05DD3D006BFB54 /* Resources */ = {
			isa = PBXResourcesBuildPhase;
			buildActionMask = 2147483647;
			files = (
				28AD73600D9D9599002E5188 /* MainWindow.xib in Resources */,
				28F335F11007B36200424DE2 /* RootViewController.xib in Resources */,
				A7F23C4911F7561500E3722F /* TweetDetailViewController.xib in Resources */,
				22BB5ACC1369BA57004B299B /* ProgrammeDetailViewController.xib in Resources */,
				22BB5AD21369BA71004B299B /* BaseCell.xib in Resources */,
				22BB5AE41369D40B004B299B /* README.markdown in Resources */,
				22BB5AE71369D5D8004B299B /* upperBackgroundView.png in Resources */,
				22BB5AEA1369D979004B299B /* Icon.png in Resources */,
				22BB5AEB1369D979004B299B /* Icon@2x.png in Resources */,
				22D4EAE21369F5FB00FE81CD /* Entitlements.plist in Resources */,
				2231827E136ADA870027F597 /* arrow.png in Resources */,
				223182C8136AEF750027F597 /* jQueryInject.txt in Resources */,
				223182C9136AEF750027F597 /* jQueryInjectLandscape.txt in Resources */,
				223182DB136AEF750027F597 /* twitter_load.png in Resources */,
				223182E1136AFBA30027F597 /* gearButton.png in Resources */,
				2217899F13742140009656A7 /* JSON example source in Resources */,
				22F21E3D1399165100F77712 /* checkbox.png in Resources */,
				22F21E3F139917CC00F77712 /* listview-arrow.png in Resources */,
				22D364171399290C00093989 /* button_bar.png in Resources */,
				22D3641A13992A2F00093989 /* green_button.png in Resources */,
				22D3642113992C6500093989 /* WatchModalViewController.xib in Resources */,
				22D364231399343600093989 /* fake_nav_bar.png in Resources */,
				22FB8BC813993A6700DC5A4B /* wewatch.png in Resources */,
			);
			runOnlyForDeploymentPostprocessing = 0;
		};
/* End PBXResourcesBuildPhase section */

/* Begin PBXSourcesBuildPhase section */
		1D60588E0D05DD3D006BFB54 /* Sources */ = {
			isa = PBXSourcesBuildPhase;
			buildActionMask = 2147483647;
			files = (
				1D60589B0D05DD56006BFB54 /* main.m in Sources */,
				1D3623260D0F684500981E51 /* WeWatchAppDelegate.m in Sources */,
				28C286E10D94DF7D0034E888 /* RootViewController.m in Sources */,
				A7F23C1F11F74DF400E3722F /* CDataScanner.m in Sources */,
				A7F23C2011F74DF400E3722F /* CDataScanner_Extensions.m in Sources */,
				A7F23C2111F74DF400E3722F /* NSCharacterSet_Extensions.m in Sources */,
				A7F23C2211F74DF400E3722F /* NSDictionary_JSONExtensions.m in Sources */,
				A7F23C2311F74DF400E3722F /* NSScanner_Extensions.m in Sources */,
				A7F23C2411F74DF400E3722F /* CJSONDataSerializer.m in Sources */,
				A7F23C2511F74DF400E3722F /* CJSONDeserializer.m in Sources */,
				A7F23C2611F74DF400E3722F /* CJSONScanner.m in Sources */,
				A7F23C2711F74DF400E3722F /* CJSONSerializer.m in Sources */,
				A7F23C2811F74DF400E3722F /* CSerializedJSONData.m in Sources */,
				A7F23D5511F859CD00E3722F /* LoadImagesOperation.m in Sources */,
				A7F23DDB11F8866D00E3722F /* LoadPublicTimelineOperation.m in Sources */,
				A7F23E0511F8959400E3722F /* NSOperation+ActivityIndicator.m in Sources */,
				22BB5ACB1369BA57004B299B /* ProgrammeDetailViewController.m in Sources */,
				22BB5AD01369BA63004B299B /* Programme.m in Sources */,
				22BB5ADD1369BF89004B299B /* GTMNSString+HTML.m in Sources */,
				22BB5ADE1369BF89004B299B /* NSString+HTML.m in Sources */,
				22BB5ADF1369BF89004B299B /* NSString+XMLEntities.m in Sources */,
				2231827C136ADA730027F597 /* PullRefreshTableViewController.m in Sources */,
				223182CB136AEF750027F597 /* MGTwitterEngine.m in Sources */,
				223182CC136AEF750027F597 /* MGTwitterHTTPURLConnection.m in Sources */,
				223182CD136AEF750027F597 /* MGTwitterLibXMLParser.m in Sources */,
				223182CE136AEF750027F597 /* MGTwitterMessagesLibXMLParser.m in Sources */,
				223182CF136AEF750027F597 /* MGTwitterMessagesParser.m in Sources */,
				223182D0136AEF750027F597 /* MGTwitterMiscLibXMLParser.m in Sources */,
				223182D1136AEF750027F597 /* MGTwitterMiscParser.m in Sources */,
				223182D2136AEF750027F597 /* MGTwitterStatusesLibXMLParser.m in Sources */,
				223182D3136AEF750027F597 /* MGTwitterStatusesParser.m in Sources */,
				223182D4136AEF750027F597 /* MGTwitterUsersLibXMLParser.m in Sources */,
				223182D5136AEF750027F597 /* MGTwitterUsersParser.m in Sources */,
				223182D6136AEF750027F597 /* MGTwitterXMLParser.m in Sources */,
				223182D7136AEF750027F597 /* NSData+Base64.m in Sources */,
				223182D8136AEF750027F597 /* NSString+UUID.m in Sources */,
				223182D9136AEF750027F597 /* SA_OAuthTwitterController.m in Sources */,
				223182DA136AEF750027F597 /* SA_OAuthTwitterEngine.m in Sources */,
				22EEA9E9137827FA00435B7F /* Reachability.m in Sources */,
				22EEA9F7137846C200435B7F /* LoadProgrammeImageOperation.m in Sources */,
				22D3642013992C6500093989 /* WatchModalViewController.m in Sources */,
			);
			runOnlyForDeploymentPostprocessing = 0;
		};
/* End PBXSourcesBuildPhase section */

/* Begin PBXTargetDependency section */
		22E450A3139A6AF2000D31A8 /* PBXTargetDependency */ = {
			isa = PBXTargetDependency;
			name = RestKit;
			targetProxy = 22E450A2139A6AF2000D31A8 /* PBXContainerItemProxy */;
		};
/* End PBXTargetDependency section */

/* Begin XCBuildConfiguration section */
		1D6058940D05DD3E006BFB54 /* Debug */ = {
			isa = XCBuildConfiguration;
			buildSettings = {
				ALWAYS_SEARCH_USER_PATHS = NO;
				COPY_PHASE_STRIP = NO;
				GCC_DYNAMIC_NO_PIC = NO;
				GCC_OPTIMIZATION_LEVEL = 0;
				GCC_PRECOMPILE_PREFIX_HEADER = YES;
				GCC_PREFIX_HEADER = WeWatch_Prefix.pch;
				GCC_VERSION = com.apple.compilers.llvmgcc42;
				INFOPLIST_FILE = "WeWatch-Info.plist";
				IPHONEOS_DEPLOYMENT_TARGET = 3.1.3;
				LIBRARY_SEARCH_PATHS = (
					"$(inherited)",
					"\"$(SRCROOT)/Twitter+OAuth/Libraries & Headers\"",
					"\"$(SRCROOT)\"",
				);
				PRODUCT_NAME = WeWatch;
				SDKROOT = iphoneos;
			};
			name = Debug;
		};
		1D6058950D05DD3E006BFB54 /* Release */ = {
			isa = XCBuildConfiguration;
			buildSettings = {
				ALWAYS_SEARCH_USER_PATHS = NO;
				COPY_PHASE_STRIP = YES;
				GCC_PRECOMPILE_PREFIX_HEADER = YES;
				GCC_PREFIX_HEADER = WeWatch_Prefix.pch;
				GCC_VERSION = com.apple.compilers.llvmgcc42;
				INFOPLIST_FILE = "WeWatch-Info.plist";
				IPHONEOS_DEPLOYMENT_TARGET = 3.1.3;
				LIBRARY_SEARCH_PATHS = (
					"$(inherited)",
					"\"$(SRCROOT)/Twitter+OAuth/Libraries & Headers\"",
					"\"$(SRCROOT)\"",
				);
				PRODUCT_NAME = WeWatch;
				SDKROOT = iphoneos;
				VALIDATE_PRODUCT = YES;
			};
			name = Release;
		};
		2231828A136AE82C0027F597 /* Ad Hoc Distribution */ = {
			isa = XCBuildConfiguration;
			buildSettings = {
				ARCHS = "$(ARCHS_STANDARD_32_BIT)";
				CODE_SIGN_IDENTITY = "iPhone Developer: Tim Duckett (KM4NF2P463)";
				"CODE_SIGN_IDENTITY[sdk=iphoneos*]" = "iPhone Distribution: Tim Duckett";
				GCC_C_LANGUAGE_STANDARD = c99;
				GCC_TREAT_WARNINGS_AS_ERRORS = YES;
				GCC_VERSION = "";
				GCC_WARN_ABOUT_RETURN_TYPE = YES;
				GCC_WARN_UNUSED_VARIABLE = YES;
				"HEADER_SEARCH_PATHS[arch=*]" = (
					"$(SDKROOT)/usr/include/libxml2",
					"$(SOURCE_ROOT)/RestKit/Build",
				);
				IPHONEOS_DEPLOYMENT_TARGET = 3.1.3;
				"LIBRARY_SEARCH_PATHS[arch=*]" = "$(SOURCE_ROOT)/RestKit/Build/$(BUILD_STYLE)-$(PLATFORM_NAME)";
				OTHER_CFLAGS = "-Xclang";
				"OTHER_LDFLAGS[arch=*]" = (
					"-ObjC",
					"-all_load",
				);
				PREBINDING = NO;
				PROVISIONING_PROFILE = "F5B43FD6-8FC1-4965-A6EC-5A7EEBB8FD77";
				"PROVISIONING_PROFILE[sdk=iphoneos*]" = "2B5E61A6-EE3F-4968-BB7C-3FAA20E5E421";
				SDKROOT = iphoneos3.1.3;
			};
			name = "Ad Hoc Distribution";
		};
		2231828B136AE82C0027F597 /* Ad Hoc Distribution */ = {
			isa = XCBuildConfiguration;
			buildSettings = {
				ALWAYS_SEARCH_USER_PATHS = NO;
				"CODE_SIGN_ENTITLEMENTS[sdk=iphoneos*]" = Entitlements.plist;
				"CODE_SIGN_IDENTITY[sdk=iphoneos*]" = "iPhone Distribution: Tim Duckett";
				COPY_PHASE_STRIP = YES;
				GCC_PRECOMPILE_PREFIX_HEADER = YES;
				GCC_PREFIX_HEADER = WeWatch_Prefix.pch;
				GCC_VERSION = com.apple.compilers.llvmgcc42;
				INFOPLIST_FILE = "WeWatch-Info.plist";
				IPHONEOS_DEPLOYMENT_TARGET = 3.1.3;
				LIBRARY_SEARCH_PATHS = (
					"$(inherited)",
					"\"$(SRCROOT)/Twitter+OAuth/Libraries & Headers\"",
					"\"$(SRCROOT)\"",
				);
				PRODUCT_NAME = WeWatch;
				"PROVISIONING_PROFILE[sdk=iphoneos*]" = "83827FF6-C7B1-4604-AC0E-057D949358A0";
				SDKROOT = iphoneos;
				VALIDATE_PRODUCT = YES;
			};
			name = "Ad Hoc Distribution";
		};
		C01FCF4F08A954540054247B /* Debug */ = {
			isa = XCBuildConfiguration;
			buildSettings = {
				ARCHS = "$(ARCHS_STANDARD_32_BIT)";
				"CODE_SIGN_IDENTITY[sdk=iphoneos*]" = "iPhone Developer";
				GCC_C_LANGUAGE_STANDARD = c99;
				GCC_TREAT_WARNINGS_AS_ERRORS = YES;
				GCC_VERSION = "";
				GCC_WARN_ABOUT_RETURN_TYPE = YES;
				GCC_WARN_UNUSED_VARIABLE = YES;
				"HEADER_SEARCH_PATHS[arch=*]" = (
					"$(SDKROOT)/usr/include/libxml2",
					"$(SOURCE_ROOT)/RestKit/Build",
				);
				IPHONEOS_DEPLOYMENT_TARGET = 3.1.3;
				"LIBRARY_SEARCH_PATHS[arch=*]" = "$(SOURCE_ROOT)/RestKit/Build/$(BUILD_STYLE)-$(PLATFORM_NAME)";
				"OTHER_LDFLAGS[arch=*]" = (
					"-ObjC",
					"-all_load",
				);
				PREBINDING = NO;
				SDKROOT = iphoneos3.1.3;
			};
			name = Debug;
		};
		C01FCF5008A954540054247B /* Release */ = {
			isa = XCBuildConfiguration;
			buildSettings = {
				ARCHS = "$(ARCHS_STANDARD_32_BIT)";
				"CODE_SIGN_IDENTITY[sdk=iphoneos*]" = "iPhone Developer";
				GCC_C_LANGUAGE_STANDARD = c99;
				GCC_TREAT_WARNINGS_AS_ERRORS = YES;
				GCC_VERSION = "";
				GCC_WARN_ABOUT_RETURN_TYPE = YES;
				GCC_WARN_UNUSED_VARIABLE = YES;
				"HEADER_SEARCH_PATHS[arch=*]" = (
					"$(SDKROOT)/usr/include/libxml2",
					"$(SOURCE_ROOT)/RestKit/Build",
				);
				IPHONEOS_DEPLOYMENT_TARGET = 3.1.3;
				"LIBRARY_SEARCH_PATHS[arch=*]" = "$(SOURCE_ROOT)/RestKit/Build/$(BUILD_STYLE)-$(PLATFORM_NAME)";
				OTHER_CFLAGS = "-Xclang";
				"OTHER_LDFLAGS[arch=*]" = (
					"-ObjC",
					"-all_load",
				);
				PREBINDING = NO;
				SDKROOT = iphoneos3.1.3;
			};
			name = Release;
		};
/* End XCBuildConfiguration section */

/* Begin XCConfigurationList section */
		1D6058960D05DD3E006BFB54 /* Build configuration list for PBXNativeTarget "WeWatch" */ = {
			isa = XCConfigurationList;
			buildConfigurations = (
				1D6058940D05DD3E006BFB54 /* Debug */,
				1D6058950D05DD3E006BFB54 /* Release */,
				2231828B136AE82C0027F597 /* Ad Hoc Distribution */,
			);
			defaultConfigurationIsVisible = 0;
			defaultConfigurationName = Release;
		};
		C01FCF4E08A954540054247B /* Build configuration list for PBXProject "WeWatch" */ = {
			isa = XCConfigurationList;
			buildConfigurations = (
				C01FCF4F08A954540054247B /* Debug */,
				C01FCF5008A954540054247B /* Release */,
				2231828A136AE82C0027F597 /* Ad Hoc Distribution */,
			);
			defaultConfigurationIsVisible = 0;
			defaultConfigurationName = Release;
		};
/* End XCConfigurationList section */
	};
	rootObject = 29B97313FDCFA39411CA2CEA /* Project object */;
}
