// !$*UTF8*$!
{
	archiveVersion = 1;
	classes = {
	};
	objectVersion = 45;
	objects = {

/* Begin PBXBuildFile section */
		1D3623260D0F684500981E51 /* WeWatchAppDelegate.m in Sources */ = {isa = PBXBuildFile; fileRef = 1D3623250D0F684500981E51 /* WeWatchAppDelegate.m */; };
		1D60589B0D05DD56006BFB54 /* main.m in Sources */ = {isa = PBXBuildFile; fileRef = 29B97316FDCFA39411CA2CEA /* main.m */; };
		1D60589F0D05DD5A006BFB54 /* Foundation.framework in Frameworks */ = {isa = PBXBuildFile; fileRef = 1D30AB110D05D00D00671497 /* Foundation.framework */; };
		1DF5F4E00D08C38300B7A737 /* UIKit.framework in Frameworks */ = {isa = PBXBuildFile; fileRef = 1DF5F4DF0D08C38300B7A737 /* UIKit.framework */; };
		2231827C136ADA730027F597 /* PullRefreshTableViewController.m in Sources */ = {isa = PBXBuildFile; fileRef = 2231827B136ADA730027F597 /* PullRefreshTableViewController.m */; };
		2231827E136ADA870027F597 /* arrow.png in Resources */ = {isa = PBXBuildFile; fileRef = 2231827D136ADA870027F597 /* arrow.png */; };
		22318280136ADA970027F597 /* QuartzCore.framework in Frameworks */ = {isa = PBXBuildFile; fileRef = 2231827F136ADA970027F597 /* QuartzCore.framework */; };
		22BB5ACB1369BA57004B299B /* ProgrammeDetailViewController.m in Sources */ = {isa = PBXBuildFile; fileRef = 22BB5AC91369BA57004B299B /* ProgrammeDetailViewController.m */; };
		22BB5ACC1369BA57004B299B /* ProgrammeDetailViewController.xib in Resources */ = {isa = PBXBuildFile; fileRef = 22BB5ACA1369BA57004B299B /* ProgrammeDetailViewController.xib */; };
		22BB5AD01369BA63004B299B /* Programme.m in Sources */ = {isa = PBXBuildFile; fileRef = 22BB5ACF1369BA63004B299B /* Programme.m */; };
		22BB5AD21369BA71004B299B /* BaseCell.xib in Resources */ = {isa = PBXBuildFile; fileRef = 22BB5AD11369BA71004B299B /* BaseCell.xib */; };
		22BB5ADD1369BF89004B299B /* GTMNSString+HTML.m in Sources */ = {isa = PBXBuildFile; fileRef = 22BB5AD81369BF89004B299B /* GTMNSString+HTML.m */; };
		22BB5ADE1369BF89004B299B /* NSString+HTML.m in Sources */ = {isa = PBXBuildFile; fileRef = 22BB5ADA1369BF89004B299B /* NSString+HTML.m */; };
		22BB5ADF1369BF89004B299B /* NSString+XMLEntities.m in Sources */ = {isa = PBXBuildFile; fileRef = 22BB5ADC1369BF89004B299B /* NSString+XMLEntities.m */; };
		22BB5AE21369CC1B004B299B /* listview-arrow.png in Resources */ = {isa = PBXBuildFile; fileRef = 22BB5AE11369CC1B004B299B /* listview-arrow.png */; };
		22BB5AE41369D40B004B299B /* README.markdown in Resources */ = {isa = PBXBuildFile; fileRef = 22BB5AE31369D40B004B299B /* README.markdown */; };
		22BB5AE71369D5D8004B299B /* upperBackgroundView.png in Resources */ = {isa = PBXBuildFile; fileRef = 22BB5AE61369D5D8004B299B /* upperBackgroundView.png */; };
		22BB5AEA1369D979004B299B /* Icon.png in Resources */ = {isa = PBXBuildFile; fileRef = 22BB5AE81369D979004B299B /* Icon.png */; };
		22BB5AEB1369D979004B299B /* Icon@2x.png in Resources */ = {isa = PBXBuildFile; fileRef = 22BB5AE91369D979004B299B /* Icon@2x.png */; };
		22D4EAE21369F5FB00FE81CD /* Entitlements.plist in Resources */ = {isa = PBXBuildFile; fileRef = 22D4EAE11369F5FB00FE81CD /* Entitlements.plist */; };
		2892E4100DC94CBA00A64D0F /* CoreGraphics.framework in Frameworks */ = {isa = PBXBuildFile; fileRef = 2892E40F0DC94CBA00A64D0F /* CoreGraphics.framework */; };
		28AD73600D9D9599002E5188 /* MainWindow.xib in Resources */ = {isa = PBXBuildFile; fileRef = 28AD735F0D9D9599002E5188 /* MainWindow.xib */; };
		28C286E10D94DF7D0034E888 /* RootViewController.m in Sources */ = {isa = PBXBuildFile; fileRef = 28C286E00D94DF7D0034E888 /* RootViewController.m */; };
		28F335F11007B36200424DE2 /* RootViewController.xib in Resources */ = {isa = PBXBuildFile; fileRef = 28F335F01007B36200424DE2 /* RootViewController.xib */; };
		A7346B02129DC81700181146 /* background-image-error.png in Resources */ = {isa = PBXBuildFile; fileRef = A7346B00129DC81700181146 /* background-image-error.png */; };
		A7346B03129DC81700181146 /* profile-image-error.png in Resources */ = {isa = PBXBuildFile; fileRef = A7346B01129DC81700181146 /* profile-image-error.png */; };
		A7F23C0711F74D4200E3722F /* public_timeline.json in Resources */ = {isa = PBXBuildFile; fileRef = A7F23C0611F74D4200E3722F /* public_timeline.json */; };
		A7F23C1F11F74DF400E3722F /* CDataScanner.m in Sources */ = {isa = PBXBuildFile; fileRef = A7F23C0A11F74DF400E3722F /* CDataScanner.m */; };
		A7F23C2011F74DF400E3722F /* CDataScanner_Extensions.m in Sources */ = {isa = PBXBuildFile; fileRef = A7F23C0D11F74DF400E3722F /* CDataScanner_Extensions.m */; };
		A7F23C2111F74DF400E3722F /* NSCharacterSet_Extensions.m in Sources */ = {isa = PBXBuildFile; fileRef = A7F23C0F11F74DF400E3722F /* NSCharacterSet_Extensions.m */; };
		A7F23C2211F74DF400E3722F /* NSDictionary_JSONExtensions.m in Sources */ = {isa = PBXBuildFile; fileRef = A7F23C1111F74DF400E3722F /* NSDictionary_JSONExtensions.m */; };
		A7F23C2311F74DF400E3722F /* NSScanner_Extensions.m in Sources */ = {isa = PBXBuildFile; fileRef = A7F23C1311F74DF400E3722F /* NSScanner_Extensions.m */; };
		A7F23C2411F74DF400E3722F /* CJSONDataSerializer.m in Sources */ = {isa = PBXBuildFile; fileRef = A7F23C1611F74DF400E3722F /* CJSONDataSerializer.m */; };
		A7F23C2511F74DF400E3722F /* CJSONDeserializer.m in Sources */ = {isa = PBXBuildFile; fileRef = A7F23C1811F74DF400E3722F /* CJSONDeserializer.m */; };
		A7F23C2611F74DF400E3722F /* CJSONScanner.m in Sources */ = {isa = PBXBuildFile; fileRef = A7F23C1A11F74DF400E3722F /* CJSONScanner.m */; };
		A7F23C2711F74DF400E3722F /* CJSONSerializer.m in Sources */ = {isa = PBXBuildFile; fileRef = A7F23C1C11F74DF400E3722F /* CJSONSerializer.m */; };
		A7F23C2811F74DF400E3722F /* CSerializedJSONData.m in Sources */ = {isa = PBXBuildFile; fileRef = A7F23C1E11F74DF400E3722F /* CSerializedJSONData.m */; };
		A7F23C4911F7561500E3722F /* TweetDetailViewController.xib in Resources */ = {isa = PBXBuildFile; fileRef = A7F23C4811F7561500E3722F /* TweetDetailViewController.xib */; };
		A7F23C4C11F756A600E3722F /* overlay.png in Resources */ = {isa = PBXBuildFile; fileRef = A7F23C4B11F756A600E3722F /* overlay.png */; };
		A7F23D5511F859CD00E3722F /* LoadImagesOperation.m in Sources */ = {isa = PBXBuildFile; fileRef = A7F23D5411F859CD00E3722F /* LoadImagesOperation.m */; };
		A7F23DDB11F8866D00E3722F /* LoadPublicTimelineOperation.m in Sources */ = {isa = PBXBuildFile; fileRef = A7F23DDA11F8866D00E3722F /* LoadPublicTimelineOperation.m */; };
		A7F23E0511F8959400E3722F /* NSOperation+ActivityIndicator.m in Sources */ = {isa = PBXBuildFile; fileRef = A7F23E0411F8959400E3722F /* NSOperation+ActivityIndicator.m */; };
/* End PBXBuildFile section */

/* Begin PBXFileReference section */
		1D30AB110D05D00D00671497 /* Foundation.framework */ = {isa = PBXFileReference; lastKnownFileType = wrapper.framework; name = Foundation.framework; path = System/Library/Frameworks/Foundation.framework; sourceTree = SDKROOT; };
		1D3623240D0F684500981E51 /* WeWatchAppDelegate.h */ = {isa = PBXFileReference; fileEncoding = 4; lastKnownFileType = sourcecode.c.h; lineEnding = 0; path = WeWatchAppDelegate.h; sourceTree = "<group>"; xcLanguageSpecificationIdentifier = xcode.lang.objcpp; };
		1D3623250D0F684500981E51 /* WeWatchAppDelegate.m */ = {isa = PBXFileReference; fileEncoding = 4; lastKnownFileType = sourcecode.c.objc; lineEnding = 0; path = WeWatchAppDelegate.m; sourceTree = "<group>"; xcLanguageSpecificationIdentifier = xcode.lang.objc; };
		1D6058910D05DD3D006BFB54 /* WeWatch.app */ = {isa = PBXFileReference; explicitFileType = wrapper.application; includeInIndex = 0; path = WeWatch.app; sourceTree = BUILT_PRODUCTS_DIR; };
		1DF5F4DF0D08C38300B7A737 /* UIKit.framework */ = {isa = PBXFileReference; lastKnownFileType = wrapper.framework; name = UIKit.framework; path = System/Library/Frameworks/UIKit.framework; sourceTree = SDKROOT; };
		2231827A136ADA730027F597 /* PullRefreshTableViewController.h */ = {isa = PBXFileReference; fileEncoding = 4; lastKnownFileType = sourcecode.c.h; path = PullRefreshTableViewController.h; sourceTree = "<group>"; };
		2231827B136ADA730027F597 /* PullRefreshTableViewController.m */ = {isa = PBXFileReference; fileEncoding = 4; lastKnownFileType = sourcecode.c.objc; path = PullRefreshTableViewController.m; sourceTree = "<group>"; };
		2231827D136ADA870027F597 /* arrow.png */ = {isa = PBXFileReference; lastKnownFileType = image.png; path = arrow.png; sourceTree = "<group>"; };
		2231827F136ADA970027F597 /* QuartzCore.framework */ = {isa = PBXFileReference; lastKnownFileType = wrapper.framework; name = QuartzCore.framework; path = System/Library/Frameworks/QuartzCore.framework; sourceTree = SDKROOT; };
		22BB5AC81369BA57004B299B /* ProgrammeDetailViewController.h */ = {isa = PBXFileReference; fileEncoding = 4; lastKnownFileType = sourcecode.c.h; path = ProgrammeDetailViewController.h; sourceTree = "<group>"; };
		22BB5AC91369BA57004B299B /* ProgrammeDetailViewController.m */ = {isa = PBXFileReference; fileEncoding = 4; lastKnownFileType = sourcecode.c.objc; path = ProgrammeDetailViewController.m; sourceTree = "<group>"; };
		22BB5ACA1369BA57004B299B /* ProgrammeDetailViewController.xib */ = {isa = PBXFileReference; fileEncoding = 4; lastKnownFileType = file.xib; name = ProgrammeDetailViewController.xib; path = Classes/ProgrammeDetailViewController.xib; sourceTree = "<group>"; };
		22BB5ACE1369BA63004B299B /* Programme.h */ = {isa = PBXFileReference; fileEncoding = 4; lastKnownFileType = sourcecode.c.h; path = Programme.h; sourceTree = "<group>"; };
		22BB5ACF1369BA63004B299B /* Programme.m */ = {isa = PBXFileReference; fileEncoding = 4; lastKnownFileType = sourcecode.c.objc; path = Programme.m; sourceTree = "<group>"; };
		22BB5AD11369BA71004B299B /* BaseCell.xib */ = {isa = PBXFileReference; fileEncoding = 4; lastKnownFileType = file.xib; name = BaseCell.xib; path = Classes/BaseCell.xib; sourceTree = "<group>"; };
		22BB5AD61369BF89004B299B /* GTMDefines.h */ = {isa = PBXFileReference; fileEncoding = 4; lastKnownFileType = sourcecode.c.h; path = GTMDefines.h; sourceTree = "<group>"; };
		22BB5AD71369BF89004B299B /* GTMNSString+HTML.h */ = {isa = PBXFileReference; fileEncoding = 4; lastKnownFileType = sourcecode.c.h; path = "GTMNSString+HTML.h"; sourceTree = "<group>"; };
		22BB5AD81369BF89004B299B /* GTMNSString+HTML.m */ = {isa = PBXFileReference; fileEncoding = 4; lastKnownFileType = sourcecode.c.objc; path = "GTMNSString+HTML.m"; sourceTree = "<group>"; };
		22BB5AD91369BF89004B299B /* NSString+HTML.h */ = {isa = PBXFileReference; fileEncoding = 4; lastKnownFileType = sourcecode.c.h; path = "NSString+HTML.h"; sourceTree = "<group>"; };
		22BB5ADA1369BF89004B299B /* NSString+HTML.m */ = {isa = PBXFileReference; fileEncoding = 4; lastKnownFileType = sourcecode.c.objc; path = "NSString+HTML.m"; sourceTree = "<group>"; };
		22BB5ADB1369BF89004B299B /* NSString+XMLEntities.h */ = {isa = PBXFileReference; fileEncoding = 4; lastKnownFileType = sourcecode.c.h; path = "NSString+XMLEntities.h"; sourceTree = "<group>"; };
		22BB5ADC1369BF89004B299B /* NSString+XMLEntities.m */ = {isa = PBXFileReference; fileEncoding = 4; lastKnownFileType = sourcecode.c.objc; path = "NSString+XMLEntities.m"; sourceTree = "<group>"; };
		22BB5AE11369CC1B004B299B /* listview-arrow.png */ = {isa = PBXFileReference; lastKnownFileType = image.png; path = "listview-arrow.png"; sourceTree = "<group>"; };
		22BB5AE31369D40B004B299B /* README.markdown */ = {isa = PBXFileReference; fileEncoding = 4; lastKnownFileType = text; path = README.markdown; sourceTree = "<group>"; };
		22BB5AE61369D5D8004B299B /* upperBackgroundView.png */ = {isa = PBXFileReference; lastKnownFileType = image.png; path = upperBackgroundView.png; sourceTree = "<group>"; };
		22BB5AE81369D979004B299B /* Icon.png */ = {isa = PBXFileReference; lastKnownFileType = image.png; path = Icon.png; sourceTree = "<group>"; };
		22BB5AE91369D979004B299B /* Icon@2x.png */ = {isa = PBXFileReference; lastKnownFileType = image.png; path = "Icon@2x.png"; sourceTree = "<group>"; };
		22D4EAE11369F5FB00FE81CD /* Entitlements.plist */ = {isa = PBXFileReference; fileEncoding = 4; lastKnownFileType = text.plist.xml; path = Entitlements.plist; sourceTree = "<group>"; };
		2892E40F0DC94CBA00A64D0F /* CoreGraphics.framework */ = {isa = PBXFileReference; lastKnownFileType = wrapper.framework; name = CoreGraphics.framework; path = System/Library/Frameworks/CoreGraphics.framework; sourceTree = SDKROOT; };
		28A0AAE50D9B0CCF005BE974 /* WeWatch_Prefix.pch */ = {isa = PBXFileReference; fileEncoding = 4; lastKnownFileType = sourcecode.c.h; path = WeWatch_Prefix.pch; sourceTree = "<group>"; };
		28AD735F0D9D9599002E5188 /* MainWindow.xib */ = {isa = PBXFileReference; lastKnownFileType = file.xib; path = MainWindow.xib; sourceTree = "<group>"; };
		28C286DF0D94DF7D0034E888 /* RootViewController.h */ = {isa = PBXFileReference; fileEncoding = 4; lastKnownFileType = sourcecode.c.h; lineEnding = 0; path = RootViewController.h; sourceTree = "<group>"; xcLanguageSpecificationIdentifier = xcode.lang.objcpp; };
		28C286E00D94DF7D0034E888 /* RootViewController.m */ = {isa = PBXFileReference; fileEncoding = 4; lastKnownFileType = sourcecode.c.objc; lineEnding = 0; path = RootViewController.m; sourceTree = "<group>"; xcLanguageSpecificationIdentifier = xcode.lang.objc; };
		28F335F01007B36200424DE2 /* RootViewController.xib */ = {isa = PBXFileReference; lastKnownFileType = file.xib; path = RootViewController.xib; sourceTree = "<group>"; };
		29B97316FDCFA39411CA2CEA /* main.m */ = {isa = PBXFileReference; fileEncoding = 4; lastKnownFileType = sourcecode.c.objc; lineEnding = 0; path = main.m; sourceTree = "<group>"; xcLanguageSpecificationIdentifier = xcode.lang.objc; };
		8D1107310486CEB800E47090 /* WeWatch-Info.plist */ = {isa = PBXFileReference; fileEncoding = 4; lastKnownFileType = text.plist.xml; path = "WeWatch-Info.plist"; plistStructureDefinitionIdentifier = "com.apple.xcode.plist.structure-definition.iphone.info-plist"; sourceTree = "<group>"; };
		A7346B00129DC81700181146 /* background-image-error.png */ = {isa = PBXFileReference; lastKnownFileType = image.png; path = "background-image-error.png"; sourceTree = "<group>"; };
		A7346B01129DC81700181146 /* profile-image-error.png */ = {isa = PBXFileReference; lastKnownFileType = image.png; path = "profile-image-error.png"; sourceTree = "<group>"; };
		A7F23C0611F74D4200E3722F /* public_timeline.json */ = {isa = PBXFileReference; fileEncoding = 4; lastKnownFileType = text; path = public_timeline.json; sourceTree = "<group>"; };
		A7F23C0911F74DF400E3722F /* CDataScanner.h */ = {isa = PBXFileReference; fileEncoding = 4; lastKnownFileType = sourcecode.c.h; path = CDataScanner.h; sourceTree = "<group>"; };
		A7F23C0A11F74DF400E3722F /* CDataScanner.m */ = {isa = PBXFileReference; fileEncoding = 4; lastKnownFileType = sourcecode.c.objc; path = CDataScanner.m; sourceTree = "<group>"; };
		A7F23C0C11F74DF400E3722F /* CDataScanner_Extensions.h */ = {isa = PBXFileReference; fileEncoding = 4; lastKnownFileType = sourcecode.c.h; path = CDataScanner_Extensions.h; sourceTree = "<group>"; };
		A7F23C0D11F74DF400E3722F /* CDataScanner_Extensions.m */ = {isa = PBXFileReference; fileEncoding = 4; lastKnownFileType = sourcecode.c.objc; path = CDataScanner_Extensions.m; sourceTree = "<group>"; };
		A7F23C0E11F74DF400E3722F /* NSCharacterSet_Extensions.h */ = {isa = PBXFileReference; fileEncoding = 4; lastKnownFileType = sourcecode.c.h; path = NSCharacterSet_Extensions.h; sourceTree = "<group>"; };
		A7F23C0F11F74DF400E3722F /* NSCharacterSet_Extensions.m */ = {isa = PBXFileReference; fileEncoding = 4; lastKnownFileType = sourcecode.c.objc; path = NSCharacterSet_Extensions.m; sourceTree = "<group>"; };
		A7F23C1011F74DF400E3722F /* NSDictionary_JSONExtensions.h */ = {isa = PBXFileReference; fileEncoding = 4; lastKnownFileType = sourcecode.c.h; path = NSDictionary_JSONExtensions.h; sourceTree = "<group>"; };
		A7F23C1111F74DF400E3722F /* NSDictionary_JSONExtensions.m */ = {isa = PBXFileReference; fileEncoding = 4; lastKnownFileType = sourcecode.c.objc; path = NSDictionary_JSONExtensions.m; sourceTree = "<group>"; };
		A7F23C1211F74DF400E3722F /* NSScanner_Extensions.h */ = {isa = PBXFileReference; fileEncoding = 4; lastKnownFileType = sourcecode.c.h; path = NSScanner_Extensions.h; sourceTree = "<group>"; };
		A7F23C1311F74DF400E3722F /* NSScanner_Extensions.m */ = {isa = PBXFileReference; fileEncoding = 4; lastKnownFileType = sourcecode.c.objc; path = NSScanner_Extensions.m; sourceTree = "<group>"; };
		A7F23C1511F74DF400E3722F /* CJSONDataSerializer.h */ = {isa = PBXFileReference; fileEncoding = 4; lastKnownFileType = sourcecode.c.h; path = CJSONDataSerializer.h; sourceTree = "<group>"; };
		A7F23C1611F74DF400E3722F /* CJSONDataSerializer.m */ = {isa = PBXFileReference; fileEncoding = 4; lastKnownFileType = sourcecode.c.objc; path = CJSONDataSerializer.m; sourceTree = "<group>"; };
		A7F23C1711F74DF400E3722F /* CJSONDeserializer.h */ = {isa = PBXFileReference; fileEncoding = 4; lastKnownFileType = sourcecode.c.h; path = CJSONDeserializer.h; sourceTree = "<group>"; };
		A7F23C1811F74DF400E3722F /* CJSONDeserializer.m */ = {isa = PBXFileReference; fileEncoding = 4; lastKnownFileType = sourcecode.c.objc; path = CJSONDeserializer.m; sourceTree = "<group>"; };
		A7F23C1911F74DF400E3722F /* CJSONScanner.h */ = {isa = PBXFileReference; fileEncoding = 4; lastKnownFileType = sourcecode.c.h; path = CJSONScanner.h; sourceTree = "<group>"; };
		A7F23C1A11F74DF400E3722F /* CJSONScanner.m */ = {isa = PBXFileReference; fileEncoding = 4; lastKnownFileType = sourcecode.c.objc; path = CJSONScanner.m; sourceTree = "<group>"; };
		A7F23C1B11F74DF400E3722F /* CJSONSerializer.h */ = {isa = PBXFileReference; fileEncoding = 4; lastKnownFileType = sourcecode.c.h; path = CJSONSerializer.h; sourceTree = "<group>"; };
		A7F23C1C11F74DF400E3722F /* CJSONSerializer.m */ = {isa = PBXFileReference; fileEncoding = 4; lastKnownFileType = sourcecode.c.objc; path = CJSONSerializer.m; sourceTree = "<group>"; };
		A7F23C1D11F74DF400E3722F /* CSerializedJSONData.h */ = {isa = PBXFileReference; fileEncoding = 4; lastKnownFileType = sourcecode.c.h; path = CSerializedJSONData.h; sourceTree = "<group>"; };
		A7F23C1E11F74DF400E3722F /* CSerializedJSONData.m */ = {isa = PBXFileReference; fileEncoding = 4; lastKnownFileType = sourcecode.c.objc; path = CSerializedJSONData.m; sourceTree = "<group>"; };
		A7F23C4811F7561500E3722F /* TweetDetailViewController.xib */ = {isa = PBXFileReference; lastKnownFileType = file.xib; path = TweetDetailViewController.xib; sourceTree = "<group>"; };
		A7F23C4B11F756A600E3722F /* overlay.png */ = {isa = PBXFileReference; lastKnownFileType = image.png; path = overlay.png; sourceTree = "<group>"; };
		A7F23D5311F859CD00E3722F /* LoadImagesOperation.h */ = {isa = PBXFileReference; fileEncoding = 4; lastKnownFileType = sourcecode.c.h; lineEnding = 0; path = LoadImagesOperation.h; sourceTree = "<group>"; xcLanguageSpecificationIdentifier = xcode.lang.objcpp; };
		A7F23D5411F859CD00E3722F /* LoadImagesOperation.m */ = {isa = PBXFileReference; fileEncoding = 4; lastKnownFileType = sourcecode.c.objc; lineEnding = 0; path = LoadImagesOperation.m; sourceTree = "<group>"; xcLanguageSpecificationIdentifier = xcode.lang.objc; };
		A7F23D5611F85B4B00E3722F /* LoadImagesOperationDelegate.h */ = {isa = PBXFileReference; fileEncoding = 4; lastKnownFileType = sourcecode.c.h; lineEnding = 0; path = LoadImagesOperationDelegate.h; sourceTree = "<group>"; xcLanguageSpecificationIdentifier = xcode.lang.objcpp; };
		A7F23DD911F8866D00E3722F /* LoadPublicTimelineOperation.h */ = {isa = PBXFileReference; fileEncoding = 4; lastKnownFileType = sourcecode.c.h; lineEnding = 0; path = LoadPublicTimelineOperation.h; sourceTree = "<group>"; xcLanguageSpecificationIdentifier = xcode.lang.objcpp; };
		A7F23DDA11F8866D00E3722F /* LoadPublicTimelineOperation.m */ = {isa = PBXFileReference; fileEncoding = 4; lastKnownFileType = sourcecode.c.objc; lineEnding = 0; path = LoadPublicTimelineOperation.m; sourceTree = "<group>"; xcLanguageSpecificationIdentifier = xcode.lang.objc; };
		A7F23DDC11F886B600E3722F /* LoadPublicTimelineOperationDelegate.h */ = {isa = PBXFileReference; fileEncoding = 4; lastKnownFileType = sourcecode.c.h; lineEnding = 0; path = LoadPublicTimelineOperationDelegate.h; sourceTree = "<group>"; xcLanguageSpecificationIdentifier = xcode.lang.objcpp; };
		A7F23E0311F8959400E3722F /* NSOperation+ActivityIndicator.h */ = {isa = PBXFileReference; fileEncoding = 4; lastKnownFileType = sourcecode.c.h; path = "NSOperation+ActivityIndicator.h"; sourceTree = "<group>"; };
		A7F23E0411F8959400E3722F /* NSOperation+ActivityIndicator.m */ = {isa = PBXFileReference; fileEncoding = 4; lastKnownFileType = sourcecode.c.objc; path = "NSOperation+ActivityIndicator.m"; sourceTree = "<group>"; };
/* End PBXFileReference section */

/* Begin PBXFrameworksBuildPhase section */
		1D60588F0D05DD3D006BFB54 /* Frameworks */ = {
			isa = PBXFrameworksBuildPhase;
			buildActionMask = 2147483647;
			files = (
				22318280136ADA970027F597 /* QuartzCore.framework in Frameworks */,
				1D60589F0D05DD5A006BFB54 /* Foundation.framework in Frameworks */,
				1DF5F4E00D08C38300B7A737 /* UIKit.framework in Frameworks */,
				2892E4100DC94CBA00A64D0F /* CoreGraphics.framework in Frameworks */,
			);
			runOnlyForDeploymentPostprocessing = 0;
		};
/* End PBXFrameworksBuildPhase section */

/* Begin PBXGroup section */
		080E96DDFE201D6D7F000001 /* Classes */ = {
			isa = PBXGroup;
			children = (
				22BB5ACE1369BA63004B299B /* Programme.h */,
				22BB5ACF1369BA63004B299B /* Programme.m */,
				22BB5AC81369BA57004B299B /* ProgrammeDetailViewController.h */,
				22BB5AC91369BA57004B299B /* ProgrammeDetailViewController.m */,
				28C286DF0D94DF7D0034E888 /* RootViewController.h */,
				28C286E00D94DF7D0034E888 /* RootViewController.m */,
				1D3623240D0F684500981E51 /* WeWatchAppDelegate.h */,
				1D3623250D0F684500981E51 /* WeWatchAppDelegate.m */,
			);
			path = Classes;
			sourceTree = "<group>";
		};
		19C28FACFE9D520D11CA2CBB /* Products */ = {
			isa = PBXGroup;
			children = (
				1D6058910D05DD3D006BFB54 /* WeWatch.app */,
			);
			name = Products;
			sourceTree = "<group>";
		};
		22318278136ADA590027F597 /* Pull Refresh */ = {
			isa = PBXGroup;
			children = (
				2231827A136ADA730027F597 /* PullRefreshTableViewController.h */,
				2231827B136ADA730027F597 /* PullRefreshTableViewController.m */,
			);
			name = "Pull Refresh";
			sourceTree = "<group>";
		};
		22BB5AE01369BF8D004B299B /* MWFeedParser */ = {
			isa = PBXGroup;
			children = (
				22318278136ADA590027F597 /* Pull Refresh */,
				22BB5AD71369BF89004B299B /* GTMNSString+HTML.h */,
				22BB5AD81369BF89004B299B /* GTMNSString+HTML.m */,
				22BB5AD91369BF89004B299B /* NSString+HTML.h */,
				22BB5ADA1369BF89004B299B /* NSString+HTML.m */,
				22BB5ADB1369BF89004B299B /* NSString+XMLEntities.h */,
				22BB5ADC1369BF89004B299B /* NSString+XMLEntities.m */,
				22BB5AD61369BF89004B299B /* GTMDefines.h */,
				22BB5AE31369D40B004B299B /* README.markdown */,
			);
			name = MWFeedParser;
			sourceTree = "<group>";
		};
		22BB5AE51369D495004B299B /* Nib files */ = {
			isa = PBXGroup;
			children = (
				22BB5AD11369BA71004B299B /* BaseCell.xib */,
				22BB5ACA1369BA57004B299B /* ProgrammeDetailViewController.xib */,
				28AD735F0D9D9599002E5188 /* MainWindow.xib */,
				28F335F01007B36200424DE2 /* RootViewController.xib */,
				A7F23C4811F7561500E3722F /* TweetDetailViewController.xib */,
			);
			name = "Nib files";
			sourceTree = "<group>";
		};
		29B97314FDCFA39411CA2CEA /* CustomTemplate */ = {
			isa = PBXGroup;
			children = (
				2231827F136ADA970027F597 /* QuartzCore.framework */,
				22BB5AE01369BF8D004B299B /* MWFeedParser */,
				A7F23D5211F8599300E3722F /* Operations */,
				A7F23C2A11F74DFC00E3722F /* Libraries */,
				080E96DDFE201D6D7F000001 /* Classes */,
				29B97315FDCFA39411CA2CEA /* Other Sources */,
				22BB5AE51369D495004B299B /* Nib files */,
				29B97317FDCFA39411CA2CEA /* Resources */,
				29B97323FDCFA39411CA2CEA /* Frameworks */,
				19C28FACFE9D520D11CA2CBB /* Products */,
			);
			name = CustomTemplate;
			sourceTree = "<group>";
		};
		29B97315FDCFA39411CA2CEA /* Other Sources */ = {
			isa = PBXGroup;
			children = (
				28A0AAE50D9B0CCF005BE974 /* WeWatch_Prefix.pch */,
				29B97316FDCFA39411CA2CEA /* main.m */,
			);
			name = "Other Sources";
			sourceTree = "<group>";
		};
		29B97317FDCFA39411CA2CEA /* Resources */ = {
			isa = PBXGroup;
			children = (
				2231827D136ADA870027F597 /* arrow.png */,
				22BB5AE81369D979004B299B /* Icon.png */,
				22BB5AE91369D979004B299B /* Icon@2x.png */,
				22BB5AE61369D5D8004B299B /* upperBackgroundView.png */,
				22BB5AE11369CC1B004B299B /* listview-arrow.png */,
				A7346B00129DC81700181146 /* background-image-error.png */,
				A7346B01129DC81700181146 /* profile-image-error.png */,
				A7F23C4B11F756A600E3722F /* overlay.png */,
				A7F23C0611F74D4200E3722F /* public_timeline.json */,
				8D1107310486CEB800E47090 /* WeWatch-Info.plist */,
				22D4EAE11369F5FB00FE81CD /* Entitlements.plist */,
			);
			name = Resources;
			sourceTree = "<group>";
		};
		29B97323FDCFA39411CA2CEA /* Frameworks */ = {
			isa = PBXGroup;
			children = (
				1DF5F4DF0D08C38300B7A737 /* UIKit.framework */,
				1D30AB110D05D00D00671497 /* Foundation.framework */,
				2892E40F0DC94CBA00A64D0F /* CoreGraphics.framework */,
			);
			name = Frameworks;
			sourceTree = "<group>";
		};
		A7F23C0811F74DF300E3722F /* TouchJSON */ = {
			isa = PBXGroup;
			children = (
				A7F23C0911F74DF400E3722F /* CDataScanner.h */,
				A7F23C0A11F74DF400E3722F /* CDataScanner.m */,
				A7F23C0B11F74DF400E3722F /* Extensions */,
				A7F23C1411F74DF400E3722F /* JSON */,
			);
			name = TouchJSON;
			path = Source;
			sourceTree = "<group>";
		};
		A7F23C0B11F74DF400E3722F /* Extensions */ = {
			isa = PBXGroup;
			children = (
				A7F23C0C11F74DF400E3722F /* CDataScanner_Extensions.h */,
				A7F23C0D11F74DF400E3722F /* CDataScanner_Extensions.m */,
				A7F23C0E11F74DF400E3722F /* NSCharacterSet_Extensions.h */,
				A7F23C0F11F74DF400E3722F /* NSCharacterSet_Extensions.m */,
				A7F23C1011F74DF400E3722F /* NSDictionary_JSONExtensions.h */,
				A7F23C1111F74DF400E3722F /* NSDictionary_JSONExtensions.m */,
				A7F23C1211F74DF400E3722F /* NSScanner_Extensions.h */,
				A7F23C1311F74DF400E3722F /* NSScanner_Extensions.m */,
			);
			path = Extensions;
			sourceTree = "<group>";
		};
		A7F23C1411F74DF400E3722F /* JSON */ = {
			isa = PBXGroup;
			children = (
				A7F23C1511F74DF400E3722F /* CJSONDataSerializer.h */,
				A7F23C1611F74DF400E3722F /* CJSONDataSerializer.m */,
				A7F23C1711F74DF400E3722F /* CJSONDeserializer.h */,
				A7F23C1811F74DF400E3722F /* CJSONDeserializer.m */,
				A7F23C1911F74DF400E3722F /* CJSONScanner.h */,
				A7F23C1A11F74DF400E3722F /* CJSONScanner.m */,
				A7F23C1B11F74DF400E3722F /* CJSONSerializer.h */,
				A7F23C1C11F74DF400E3722F /* CJSONSerializer.m */,
				A7F23C1D11F74DF400E3722F /* CSerializedJSONData.h */,
				A7F23C1E11F74DF400E3722F /* CSerializedJSONData.m */,
			);
			path = JSON;
			sourceTree = "<group>";
		};
		A7F23C2A11F74DFC00E3722F /* Libraries */ = {
			isa = PBXGroup;
			children = (
				A7F23E0211F8959400E3722F /* Aral */,
				A7F23C0811F74DF300E3722F /* TouchJSON */,
			);
			name = Libraries;
			sourceTree = "<group>";
		};
		A7F23D5211F8599300E3722F /* Operations */ = {
			isa = PBXGroup;
			children = (
				A7F23D5311F859CD00E3722F /* LoadImagesOperation.h */,
				A7F23D5411F859CD00E3722F /* LoadImagesOperation.m */,
				A7F23D5611F85B4B00E3722F /* LoadImagesOperationDelegate.h */,
				A7F23DD911F8866D00E3722F /* LoadPublicTimelineOperation.h */,
				A7F23DDA11F8866D00E3722F /* LoadPublicTimelineOperation.m */,
				A7F23DDC11F886B600E3722F /* LoadPublicTimelineOperationDelegate.h */,
			);
			name = Operations;
			sourceTree = "<group>";
		};
		A7F23E0211F8959400E3722F /* Aral */ = {
			isa = PBXGroup;
			children = (
				A7F23E0311F8959400E3722F /* NSOperation+ActivityIndicator.h */,
				A7F23E0411F8959400E3722F /* NSOperation+ActivityIndicator.m */,
			);
			path = Aral;
			sourceTree = "<group>";
		};
/* End PBXGroup section */

/* Begin PBXNativeTarget section */
		1D6058900D05DD3D006BFB54 /* WeWatch */ = {
			isa = PBXNativeTarget;
			buildConfigurationList = 1D6058960D05DD3E006BFB54 /* Build configuration list for PBXNativeTarget "WeWatch" */;
			buildPhases = (
				1D60588D0D05DD3D006BFB54 /* Resources */,
				1D60588E0D05DD3D006BFB54 /* Sources */,
				1D60588F0D05DD3D006BFB54 /* Frameworks */,
			);
			buildRules = (
			);
			dependencies = (
			);
			name = WeWatch;
			productName = DrillDown;
			productReference = 1D6058910D05DD3D006BFB54 /* WeWatch.app */;
			productType = "com.apple.product-type.application";
		};
/* End PBXNativeTarget section */

/* Begin PBXProject section */
		29B97313FDCFA39411CA2CEA /* Project object */ = {
			isa = PBXProject;
			buildConfigurationList = C01FCF4E08A954540054247B /* Build configuration list for PBXProject "WeWatch" */;
			compatibilityVersion = "Xcode 3.1";
			developmentRegion = English;
			hasScannedForEncodings = 1;
			knownRegions = (
				English,
				Japanese,
				French,
				German,
				en,
			);
			mainGroup = 29B97314FDCFA39411CA2CEA /* CustomTemplate */;
			projectDirPath = "";
			projectRoot = "";
			targets = (
				1D6058900D05DD3D006BFB54 /* WeWatch */,
			);
		};
/* End PBXProject section */

/* Begin PBXResourcesBuildPhase section */
		1D60588D0D05DD3D006BFB54 /* Resources */ = {
			isa = PBXResourcesBuildPhase;
			buildActionMask = 2147483647;
			files = (
				28AD73600D9D9599002E5188 /* MainWindow.xib in Resources */,
				28F335F11007B36200424DE2 /* RootViewController.xib in Resources */,
				A7F23C0711F74D4200E3722F /* public_timeline.json in Resources */,
				A7F23C4911F7561500E3722F /* TweetDetailViewController.xib in Resources */,
				A7F23C4C11F756A600E3722F /* overlay.png in Resources */,
				A7346B02129DC81700181146 /* background-image-error.png in Resources */,
				A7346B03129DC81700181146 /* profile-image-error.png in Resources */,
				22BB5ACC1369BA57004B299B /* ProgrammeDetailViewController.xib in Resources */,
				22BB5AD21369BA71004B299B /* BaseCell.xib in Resources */,
				22BB5AE21369CC1B004B299B /* listview-arrow.png in Resources */,
				22BB5AE41369D40B004B299B /* README.markdown in Resources */,
				22BB5AE71369D5D8004B299B /* upperBackgroundView.png in Resources */,
				22BB5AEA1369D979004B299B /* Icon.png in Resources */,
				22BB5AEB1369D979004B299B /* Icon@2x.png in Resources */,
				22D4EAE21369F5FB00FE81CD /* Entitlements.plist in Resources */,
				2231827E136ADA870027F597 /* arrow.png in Resources */,
			);
			runOnlyForDeploymentPostprocessing = 0;
		};
/* End PBXResourcesBuildPhase section */

/* Begin PBXSourcesBuildPhase section */
		1D60588E0D05DD3D006BFB54 /* Sources */ = {
			isa = PBXSourcesBuildPhase;
			buildActionMask = 2147483647;
			files = (
				1D60589B0D05DD56006BFB54 /* main.m in Sources */,
				1D3623260D0F684500981E51 /* WeWatchAppDelegate.m in Sources */,
				28C286E10D94DF7D0034E888 /* RootViewController.m in Sources */,
				A7F23C1F11F74DF400E3722F /* CDataScanner.m in Sources */,
				A7F23C2011F74DF400E3722F /* CDataScanner_Extensions.m in Sources */,
				A7F23C2111F74DF400E3722F /* NSCharacterSet_Extensions.m in Sources */,
				A7F23C2211F74DF400E3722F /* NSDictionary_JSONExtensions.m in Sources */,
				A7F23C2311F74DF400E3722F /* NSScanner_Extensions.m in Sources */,
				A7F23C2411F74DF400E3722F /* CJSONDataSerializer.m in Sources */,
				A7F23C2511F74DF400E3722F /* CJSONDeserializer.m in Sources */,
				A7F23C2611F74DF400E3722F /* CJSONScanner.m in Sources */,
				A7F23C2711F74DF400E3722F /* CJSONSerializer.m in Sources */,
				A7F23C2811F74DF400E3722F /* CSerializedJSONData.m in Sources */,
				A7F23D5511F859CD00E3722F /* LoadImagesOperation.m in Sources */,
				A7F23DDB11F8866D00E3722F /* LoadPublicTimelineOperation.m in Sources */,
				A7F23E0511F8959400E3722F /* NSOperation+ActivityIndicator.m in Sources */,
				22BB5ACB1369BA57004B299B /* ProgrammeDetailViewController.m in Sources */,
				22BB5AD01369BA63004B299B /* Programme.m in Sources */,
				22BB5ADD1369BF89004B299B /* GTMNSString+HTML.m in Sources */,
				22BB5ADE1369BF89004B299B /* NSString+HTML.m in Sources */,
				22BB5ADF1369BF89004B299B /* NSString+XMLEntities.m in Sources */,
				2231827C136ADA730027F597 /* PullRefreshTableViewController.m in Sources */,
			);
			runOnlyForDeploymentPostprocessing = 0;
		};
/* End PBXSourcesBuildPhase section */

/* Begin XCBuildConfiguration section */
		1D6058940D05DD3E006BFB54 /* Debug */ = {
			isa = XCBuildConfiguration;
			buildSettings = {
				ALWAYS_SEARCH_USER_PATHS = NO;
				COPY_PHASE_STRIP = NO;
				GCC_DYNAMIC_NO_PIC = NO;
				GCC_OPTIMIZATION_LEVEL = 0;
				GCC_PRECOMPILE_PREFIX_HEADER = YES;
				GCC_PREFIX_HEADER = WeWatch_Prefix.pch;
				GCC_VERSION = com.apple.compilers.llvmgcc42;
				INFOPLIST_FILE = "WeWatch-Info.plist";
				IPHONEOS_DEPLOYMENT_TARGET = 4.3;
				PRODUCT_NAME = WeWatch;
			};
			name = Debug;
		};
		1D6058950D05DD3E006BFB54 /* Release */ = {
			isa = XCBuildConfiguration;
			buildSettings = {
				ALWAYS_SEARCH_USER_PATHS = NO;
				COPY_PHASE_STRIP = YES;
				GCC_PRECOMPILE_PREFIX_HEADER = YES;
				GCC_PREFIX_HEADER = WeWatch_Prefix.pch;
				GCC_VERSION = com.apple.compilers.llvmgcc42;
				INFOPLIST_FILE = "WeWatch-Info.plist";
				IPHONEOS_DEPLOYMENT_TARGET = 4.3;
				PRODUCT_NAME = WeWatch;
				SDKROOT = iphoneos;
				VALIDATE_PRODUCT = YES;
			};
			name = Release;
		};
		22D4EAE31369F61500FE81CD /* Ad Hoc distribution */ = {
			isa = XCBuildConfiguration;
			buildSettings = {
				ARCHS = "$(ARCHS_STANDARD_32_BIT)";
				"CODE_SIGN_IDENTITY[sdk=iphoneos*]" = "iPhone Developer";
				GCC_C_LANGUAGE_STANDARD = c99;
				GCC_TREAT_WARNINGS_AS_ERRORS = YES;
				GCC_VERSION = com.apple.compilers.llvm.clang.1_0;
				GCC_WARN_ABOUT_RETURN_TYPE = YES;
				GCC_WARN_UNUSED_VARIABLE = YES;
				IPHONEOS_DEPLOYMENT_TARGET = 4.3;
				OTHER_CFLAGS = (
					"-Xclang",
					"-fobjc-nonfragile-abi2",
				);
				PREBINDING = NO;
				SDKROOT = iphoneos4.0;
			};
			name = "Ad Hoc distribution";
		};
		22D4EAE41369F61500FE81CD /* Ad Hoc distribution */ = {
			isa = XCBuildConfiguration;
			buildSettings = {
				ALWAYS_SEARCH_USER_PATHS = NO;
				"CODE_SIGN_ENTITLEMENTS[sdk=*]" = Entitlements.plist;
				CODE_SIGN_IDENTITY = "";
				"CODE_SIGN_IDENTITY[sdk=iphoneos*]" = "iPhone Distribution: Tim Duckett";
				COPY_PHASE_STRIP = YES;
				GCC_PRECOMPILE_PREFIX_HEADER = YES;
				GCC_PREFIX_HEADER = WeWatch_Prefix.pch;
				GCC_VERSION = com.apple.compilers.llvmgcc42;
				INFOPLIST_FILE = "WeWatch-Info.plist";
				IPHONEOS_DEPLOYMENT_TARGET = 4.3;
				PRODUCT_NAME = WeWatch;
				"PROVISIONING_PROFILE[sdk=iphoneos*]" = "91177441-C76B-4825-8E0C-86FF4A6E825B";
				SDKROOT = iphoneos;
				VALIDATE_PRODUCT = YES;
			};
			name = "Ad Hoc distribution";
		};
		C01FCF4F08A954540054247B /* Debug */ = {
			isa = XCBuildConfiguration;
			buildSettings = {
				ARCHS = "$(ARCHS_STANDARD_32_BIT)";
				"CODE_SIGN_IDENTITY[sdk=iphoneos*]" = "iPhone Developer";
				GCC_C_LANGUAGE_STANDARD = c99;
				GCC_TREAT_WARNINGS_AS_ERRORS = YES;
				GCC_VERSION = com.apple.compilers.llvm.clang.1_0;
				GCC_WARN_ABOUT_RETURN_TYPE = YES;
				GCC_WARN_UNUSED_VARIABLE = YES;
				IPHONEOS_DEPLOYMENT_TARGET = 4.3;
				PREBINDING = NO;
				SDKROOT = iphoneos;
			};
			name = Debug;
		};
		C01FCF5008A954540054247B /* Release */ = {
			isa = XCBuildConfiguration;
			buildSettings = {
				ARCHS = "$(ARCHS_STANDARD_32_BIT)";
				"CODE_SIGN_IDENTITY[sdk=iphoneos*]" = "iPhone Developer";
				GCC_C_LANGUAGE_STANDARD = c99;
				GCC_TREAT_WARNINGS_AS_ERRORS = YES;
				GCC_VERSION = com.apple.compilers.llvm.clang.1_0;
				GCC_WARN_ABOUT_RETURN_TYPE = YES;
				GCC_WARN_UNUSED_VARIABLE = YES;
				IPHONEOS_DEPLOYMENT_TARGET = 4.3;
				OTHER_CFLAGS = (
					"-Xclang",
					"-fobjc-nonfragile-abi2",
				);
				PREBINDING = NO;
				SDKROOT = iphoneos4.0;
			};
			name = Release;
		};
/* End XCBuildConfiguration section */

/* Begin XCConfigurationList section */
		1D6058960D05DD3E006BFB54 /* Build configuration list for PBXNativeTarget "WeWatch" */ = {
			isa = XCConfigurationList;
			buildConfigurations = (
				1D6058940D05DD3E006BFB54 /* Debug */,
				1D6058950D05DD3E006BFB54 /* Release */,
				22D4EAE41369F61500FE81CD /* Ad Hoc distribution */,
			);
			defaultConfigurationIsVisible = 0;
			defaultConfigurationName = Release;
		};
		C01FCF4E08A954540054247B /* Build configuration list for PBXProject "WeWatch" */ = {
			isa = XCConfigurationList;
			buildConfigurations = (
				C01FCF4F08A954540054247B /* Debug */,
				C01FCF5008A954540054247B /* Release */,
				22D4EAE31369F61500FE81CD /* Ad Hoc distribution */,
			);
			defaultConfigurationIsVisible = 0;
			defaultConfigurationName = Release;
		};
/* End XCConfigurationList section */
	};
	rootObject = 29B97313FDCFA39411CA2CEA /* Project object */;
}
